// !$*UTF8*$!
{
	archiveVersion = 1;
	classes = {
	};
	objectVersion = 46;
	objects = {

/* Begin PBXBuildFile section */
		370D49711A24DA46002012C0 /* tick_select.png in Resources */ = {isa = PBXBuildFile; fileRef = 370D49701A24DA46002012C0 /* tick_select.png */; };
		370D49721A24DA46002012C0 /* tick_select.png in Resources */ = {isa = PBXBuildFile; fileRef = 370D49701A24DA46002012C0 /* tick_select.png */; };
		378C33B01A28A055001CAECF /* TypeTableViewController.m in Sources */ = {isa = PBXBuildFile; fileRef = 378C33AF1A28A055001CAECF /* TypeTableViewController.m */; };
		378C33B11A28A055001CAECF /* TypeTableViewController.m in Sources */ = {isa = PBXBuildFile; fileRef = 378C33AF1A28A055001CAECF /* TypeTableViewController.m */; };
		378C33B31A28A444001CAECF /* TypeTableViewController.xib in Resources */ = {isa = PBXBuildFile; fileRef = 378C33B21A28A444001CAECF /* TypeTableViewController.xib */; };
		378C33B41A28A444001CAECF /* TypeTableViewController.xib in Resources */ = {isa = PBXBuildFile; fileRef = 378C33B21A28A444001CAECF /* TypeTableViewController.xib */; };
		378FCF531A1B753000E12BBE /* FacebookSDK.framework in Frameworks */ = {isa = PBXBuildFile; fileRef = 378FCF521A1B753000E12BBE /* FacebookSDK.framework */; };
		378FCF541A1B753000E12BBE /* FacebookSDK.framework in Frameworks */ = {isa = PBXBuildFile; fileRef = 378FCF521A1B753000E12BBE /* FacebookSDK.framework */; };
		378FCF5B1A1B7A1500E12BBE /* Accounts.framework in Frameworks */ = {isa = PBXBuildFile; fileRef = 378FCF5A1A1B7A1500E12BBE /* Accounts.framework */; };
		378FCF5D1A1B7A1D00E12BBE /* Social.framework in Frameworks */ = {isa = PBXBuildFile; fileRef = 378FCF5C1A1B7A1D00E12BBE /* Social.framework */; };
		378FCF631A1B7CDA00E12BBE /* FHSStream.m in Sources */ = {isa = PBXBuildFile; fileRef = 378FCF601A1B7CDA00E12BBE /* FHSStream.m */; };
		378FCF641A1B7CDA00E12BBE /* FHSStream.m in Sources */ = {isa = PBXBuildFile; fileRef = 378FCF601A1B7CDA00E12BBE /* FHSStream.m */; };
		378FCF651A1B7CDA00E12BBE /* FHSTwitterEngine.m in Sources */ = {isa = PBXBuildFile; fileRef = 378FCF621A1B7CDA00E12BBE /* FHSTwitterEngine.m */; };
		378FCF661A1B7CDA00E12BBE /* FHSTwitterEngine.m in Sources */ = {isa = PBXBuildFile; fileRef = 378FCF621A1B7CDA00E12BBE /* FHSTwitterEngine.m */; };
		378FCF841A1B816000E12BBE /* Twitter.framework in Frameworks */ = {isa = PBXBuildFile; fileRef = 378FCF831A1B816000E12BBE /* Twitter.framework */; };
		37ADBFCF1A39C2A5005137F2 /* save.png in Resources */ = {isa = PBXBuildFile; fileRef = 37ADBFCE1A39C2A5005137F2 /* save.png */; };
		37C478B01A24524600D1491C /* DatePickerPopoverController.m in Sources */ = {isa = PBXBuildFile; fileRef = 37C478AF1A24524600D1491C /* DatePickerPopoverController.m */; };
		37C478B11A24524600D1491C /* DatePickerPopoverController.m in Sources */ = {isa = PBXBuildFile; fileRef = 37C478AF1A24524600D1491C /* DatePickerPopoverController.m */; };
		37E3F2AB1A19B27B00BF609B /* main.m in Sources */ = {isa = PBXBuildFile; fileRef = 37E3F2AA1A19B27B00BF609B /* main.m */; };
		37E3F2AE1A19B27B00BF609B /* AppDelegate.m in Sources */ = {isa = PBXBuildFile; fileRef = 37E3F2AD1A19B27B00BF609B /* AppDelegate.m */; };
		37E3F2B11A19B27B00BF609B /* ReminderService.xcdatamodeld in Sources */ = {isa = PBXBuildFile; fileRef = 37E3F2AF1A19B27B00BF609B /* ReminderService.xcdatamodeld */; };
		37E3F2B71A19B27B00BF609B /* Main.storyboard in Resources */ = {isa = PBXBuildFile; fileRef = 37E3F2B51A19B27B00BF609B /* Main.storyboard */; };
		37E3F2B91A19B27B00BF609B /* Images.xcassets in Resources */ = {isa = PBXBuildFile; fileRef = 37E3F2B81A19B27B00BF609B /* Images.xcassets */; };
		37E3F2BC1A19B27B00BF609B /* LaunchScreen.xib in Resources */ = {isa = PBXBuildFile; fileRef = 37E3F2BA1A19B27B00BF609B /* LaunchScreen.xib */; };
		37E3F2C81A19B27B00BF609B /* ReminderServiceTests.m in Sources */ = {isa = PBXBuildFile; fileRef = 37E3F2C71A19B27B00BF609B /* ReminderServiceTests.m */; };
		37E3F2D61A1A0C7F00BF609B /* MainViewController.m in Sources */ = {isa = PBXBuildFile; fileRef = 37E3F2D51A1A0C7F00BF609B /* MainViewController.m */; };
		37E3F2D71A1A0C7F00BF609B /* MainViewController.m in Sources */ = {isa = PBXBuildFile; fileRef = 37E3F2D51A1A0C7F00BF609B /* MainViewController.m */; };
		37E3F2DB1A1A0D0B00BF609B /* login_bg.png in Resources */ = {isa = PBXBuildFile; fileRef = 37E3F2D81A1A0D0B00BF609B /* login_bg.png */; };
		37E3F2DC1A1A0D0B00BF609B /* login_bg.png in Resources */ = {isa = PBXBuildFile; fileRef = 37E3F2D81A1A0D0B00BF609B /* login_bg.png */; };
		37E3F2DD1A1A0D0B00BF609B /* login_bg@2x.png in Resources */ = {isa = PBXBuildFile; fileRef = 37E3F2D91A1A0D0B00BF609B /* login_bg@2x.png */; };
		37E3F2DE1A1A0D0B00BF609B /* login_bg@2x.png in Resources */ = {isa = PBXBuildFile; fileRef = 37E3F2D91A1A0D0B00BF609B /* login_bg@2x.png */; };
		37E3F2DF1A1A0D0B00BF609B /* login_bg@3x.png in Resources */ = {isa = PBXBuildFile; fileRef = 37E3F2DA1A1A0D0B00BF609B /* login_bg@3x.png */; };
		37E3F2E01A1A0D0B00BF609B /* login_bg@3x.png in Resources */ = {isa = PBXBuildFile; fileRef = 37E3F2DA1A1A0D0B00BF609B /* login_bg@3x.png */; };
		37E3F2E61A1A1FED00BF609B /* facebook_btn.png in Resources */ = {isa = PBXBuildFile; fileRef = 37E3F2E11A1A1FED00BF609B /* facebook_btn.png */; };
		37E3F2E71A1A1FED00BF609B /* facebook_btn.png in Resources */ = {isa = PBXBuildFile; fileRef = 37E3F2E11A1A1FED00BF609B /* facebook_btn.png */; };
		37E3F2E81A1A1FED00BF609B /* form_bg.png in Resources */ = {isa = PBXBuildFile; fileRef = 37E3F2E21A1A1FED00BF609B /* form_bg.png */; };
		37E3F2E91A1A1FED00BF609B /* form_bg.png in Resources */ = {isa = PBXBuildFile; fileRef = 37E3F2E21A1A1FED00BF609B /* form_bg.png */; };
		37E3F2EA1A1A1FED00BF609B /* login_btn.png in Resources */ = {isa = PBXBuildFile; fileRef = 37E3F2E31A1A1FED00BF609B /* login_btn.png */; };
		37E3F2EB1A1A1FED00BF609B /* login_btn.png in Resources */ = {isa = PBXBuildFile; fileRef = 37E3F2E31A1A1FED00BF609B /* login_btn.png */; };
		37E3F2EC1A1A1FED00BF609B /* register_btn.png in Resources */ = {isa = PBXBuildFile; fileRef = 37E3F2E41A1A1FED00BF609B /* register_btn.png */; };
		37E3F2ED1A1A1FED00BF609B /* register_btn.png in Resources */ = {isa = PBXBuildFile; fileRef = 37E3F2E41A1A1FED00BF609B /* register_btn.png */; };
		37E3F2EE1A1A1FED00BF609B /* twitter_btn.png in Resources */ = {isa = PBXBuildFile; fileRef = 37E3F2E51A1A1FED00BF609B /* twitter_btn.png */; };
		37E3F2EF1A1A1FED00BF609B /* twitter_btn.png in Resources */ = {isa = PBXBuildFile; fileRef = 37E3F2E51A1A1FED00BF609B /* twitter_btn.png */; };
		37E3F2F21A1A209900BF609B /* email_icon.png in Resources */ = {isa = PBXBuildFile; fileRef = 37E3F2F01A1A209900BF609B /* email_icon.png */; };
		37E3F2F31A1A209900BF609B /* email_icon.png in Resources */ = {isa = PBXBuildFile; fileRef = 37E3F2F01A1A209900BF609B /* email_icon.png */; };
		37E3F2F41A1A209900BF609B /* password_icon.png in Resources */ = {isa = PBXBuildFile; fileRef = 37E3F2F11A1A209900BF609B /* password_icon.png */; };
		37E3F2F51A1A209900BF609B /* password_icon.png in Resources */ = {isa = PBXBuildFile; fileRef = 37E3F2F11A1A209900BF609B /* password_icon.png */; };
		37EC9DB81A1DF9BE00812CD3 /* hand_bg.png in Resources */ = {isa = PBXBuildFile; fileRef = 37EC9DB51A1DF9BE00812CD3 /* hand_bg.png */; };
		37EC9DB91A1DF9BE00812CD3 /* hand_bg.png in Resources */ = {isa = PBXBuildFile; fileRef = 37EC9DB51A1DF9BE00812CD3 /* hand_bg.png */; };
		37EC9DBA1A1DF9BE00812CD3 /* logo_bg.png in Resources */ = {isa = PBXBuildFile; fileRef = 37EC9DB61A1DF9BE00812CD3 /* logo_bg.png */; };
		37EC9DBB1A1DF9BE00812CD3 /* logo_bg.png in Resources */ = {isa = PBXBuildFile; fileRef = 37EC9DB61A1DF9BE00812CD3 /* logo_bg.png */; };
		37EC9DBC1A1DF9BE00812CD3 /* forgot_pass_bg.png in Resources */ = {isa = PBXBuildFile; fileRef = 37EC9DB71A1DF9BE00812CD3 /* forgot_pass_bg.png */; };
		37EC9DBD1A1DF9BE00812CD3 /* forgot_pass_bg.png in Resources */ = {isa = PBXBuildFile; fileRef = 37EC9DB71A1DF9BE00812CD3 /* forgot_pass_bg.png */; };
		37EC9DBF1A1DFA1C00812CD3 /* app_bg.png in Resources */ = {isa = PBXBuildFile; fileRef = 37EC9DBE1A1DFA1C00812CD3 /* app_bg.png */; };
		37EC9DC01A1DFA1C00812CD3 /* app_bg.png in Resources */ = {isa = PBXBuildFile; fileRef = 37EC9DBE1A1DFA1C00812CD3 /* app_bg.png */; };
		37EC9DC41A1DFF9100812CD3 /* PasswordViewController.m in Sources */ = {isa = PBXBuildFile; fileRef = 37EC9DC21A1DFF9100812CD3 /* PasswordViewController.m */; };
		37EC9DC51A1DFF9100812CD3 /* PasswordViewController.m in Sources */ = {isa = PBXBuildFile; fileRef = 37EC9DC21A1DFF9100812CD3 /* PasswordViewController.m */; };
		37EC9DC61A1DFF9100812CD3 /* PasswordViewController.xib in Resources */ = {isa = PBXBuildFile; fileRef = 37EC9DC31A1DFF9100812CD3 /* PasswordViewController.xib */; };
		37EC9DC71A1DFF9100812CD3 /* PasswordViewController.xib in Resources */ = {isa = PBXBuildFile; fileRef = 37EC9DC31A1DFF9100812CD3 /* PasswordViewController.xib */; };
		37EC9DCC1A1E06BC00812CD3 /* RegisterViewController.m in Sources */ = {isa = PBXBuildFile; fileRef = 37EC9DCA1A1E06BC00812CD3 /* RegisterViewController.m */; };
		37EC9DCD1A1E06BC00812CD3 /* RegisterViewController.m in Sources */ = {isa = PBXBuildFile; fileRef = 37EC9DCA1A1E06BC00812CD3 /* RegisterViewController.m */; };
		37EC9DCE1A1E06BC00812CD3 /* RegisterViewController.xib in Resources */ = {isa = PBXBuildFile; fileRef = 37EC9DCB1A1E06BC00812CD3 /* RegisterViewController.xib */; };
		37EC9DCF1A1E06BC00812CD3 /* RegisterViewController.xib in Resources */ = {isa = PBXBuildFile; fileRef = 37EC9DCB1A1E06BC00812CD3 /* RegisterViewController.xib */; };
		37EC9DD41A1E084B00812CD3 /* mobile.png in Resources */ = {isa = PBXBuildFile; fileRef = 37EC9DD01A1E084B00812CD3 /* mobile.png */; };
		37EC9DD51A1E084B00812CD3 /* mobile.png in Resources */ = {isa = PBXBuildFile; fileRef = 37EC9DD01A1E084B00812CD3 /* mobile.png */; };
		37EC9DD61A1E084B00812CD3 /* pencil.png in Resources */ = {isa = PBXBuildFile; fileRef = 37EC9DD11A1E084B00812CD3 /* pencil.png */; };
		37EC9DD71A1E084B00812CD3 /* pencil.png in Resources */ = {isa = PBXBuildFile; fileRef = 37EC9DD11A1E084B00812CD3 /* pencil.png */; };
		37EC9DD81A1E084B00812CD3 /* register_bg.png in Resources */ = {isa = PBXBuildFile; fileRef = 37EC9DD21A1E084B00812CD3 /* register_bg.png */; };
		37EC9DD91A1E084B00812CD3 /* register_bg.png in Resources */ = {isa = PBXBuildFile; fileRef = 37EC9DD21A1E084B00812CD3 /* register_bg.png */; };
		37EC9DDA1A1E084B00812CD3 /* tick.png in Resources */ = {isa = PBXBuildFile; fileRef = 37EC9DD31A1E084B00812CD3 /* tick.png */; };
		37EC9DDB1A1E084B00812CD3 /* tick.png in Resources */ = {isa = PBXBuildFile; fileRef = 37EC9DD31A1E084B00812CD3 /* tick.png */; };
		37EC9DDD1A1E0A5D00812CD3 /* btn_back.png in Resources */ = {isa = PBXBuildFile; fileRef = 37EC9DDC1A1E0A5D00812CD3 /* btn_back.png */; };
		37EC9DDE1A1E0A5D00812CD3 /* btn_back.png in Resources */ = {isa = PBXBuildFile; fileRef = 37EC9DDC1A1E0A5D00812CD3 /* btn_back.png */; };
		37EC9DF31A1E0C6500812CD3 /* AFHTTPClient.m in Sources */ = {isa = PBXBuildFile; fileRef = 37EC9DE11A1E0C6500812CD3 /* AFHTTPClient.m */; };
		37EC9DF41A1E0C6500812CD3 /* AFHTTPClient.m in Sources */ = {isa = PBXBuildFile; fileRef = 37EC9DE11A1E0C6500812CD3 /* AFHTTPClient.m */; };
		37EC9DF51A1E0C6500812CD3 /* AFHTTPRequestOperation.m in Sources */ = {isa = PBXBuildFile; fileRef = 37EC9DE31A1E0C6500812CD3 /* AFHTTPRequestOperation.m */; };
		37EC9DF61A1E0C6500812CD3 /* AFHTTPRequestOperation.m in Sources */ = {isa = PBXBuildFile; fileRef = 37EC9DE31A1E0C6500812CD3 /* AFHTTPRequestOperation.m */; };
		37EC9DF71A1E0C6500812CD3 /* AFImageRequestOperation.m in Sources */ = {isa = PBXBuildFile; fileRef = 37EC9DE51A1E0C6500812CD3 /* AFImageRequestOperation.m */; };
		37EC9DF81A1E0C6500812CD3 /* AFImageRequestOperation.m in Sources */ = {isa = PBXBuildFile; fileRef = 37EC9DE51A1E0C6500812CD3 /* AFImageRequestOperation.m */; };
		37EC9DF91A1E0C6500812CD3 /* AFJSONRequestOperation.m in Sources */ = {isa = PBXBuildFile; fileRef = 37EC9DE71A1E0C6500812CD3 /* AFJSONRequestOperation.m */; };
		37EC9DFA1A1E0C6500812CD3 /* AFJSONRequestOperation.m in Sources */ = {isa = PBXBuildFile; fileRef = 37EC9DE71A1E0C6500812CD3 /* AFJSONRequestOperation.m */; };
		37EC9DFB1A1E0C6500812CD3 /* AFNetworkActivityIndicatorManager.m in Sources */ = {isa = PBXBuildFile; fileRef = 37EC9DE91A1E0C6500812CD3 /* AFNetworkActivityIndicatorManager.m */; };
		37EC9DFC1A1E0C6500812CD3 /* AFNetworkActivityIndicatorManager.m in Sources */ = {isa = PBXBuildFile; fileRef = 37EC9DE91A1E0C6500812CD3 /* AFNetworkActivityIndicatorManager.m */; };
		37EC9DFD1A1E0C6500812CD3 /* AFPropertyListRequestOperation.m in Sources */ = {isa = PBXBuildFile; fileRef = 37EC9DEC1A1E0C6500812CD3 /* AFPropertyListRequestOperation.m */; };
		37EC9DFE1A1E0C6500812CD3 /* AFPropertyListRequestOperation.m in Sources */ = {isa = PBXBuildFile; fileRef = 37EC9DEC1A1E0C6500812CD3 /* AFPropertyListRequestOperation.m */; };
		37EC9DFF1A1E0C6500812CD3 /* AFURLConnectionOperation.m in Sources */ = {isa = PBXBuildFile; fileRef = 37EC9DEE1A1E0C6500812CD3 /* AFURLConnectionOperation.m */; };
		37EC9E001A1E0C6500812CD3 /* AFURLConnectionOperation.m in Sources */ = {isa = PBXBuildFile; fileRef = 37EC9DEE1A1E0C6500812CD3 /* AFURLConnectionOperation.m */; };
		37EC9E011A1E0C6500812CD3 /* AFXMLRequestOperation.m in Sources */ = {isa = PBXBuildFile; fileRef = 37EC9DF01A1E0C6500812CD3 /* AFXMLRequestOperation.m */; };
		37EC9E021A1E0C6500812CD3 /* AFXMLRequestOperation.m in Sources */ = {isa = PBXBuildFile; fileRef = 37EC9DF01A1E0C6500812CD3 /* AFXMLRequestOperation.m */; };
		37EC9E031A1E0C6500812CD3 /* UIImageView+AFNetworking.m in Sources */ = {isa = PBXBuildFile; fileRef = 37EC9DF21A1E0C6500812CD3 /* UIImageView+AFNetworking.m */; };
		37EC9E041A1E0C6500812CD3 /* UIImageView+AFNetworking.m in Sources */ = {isa = PBXBuildFile; fileRef = 37EC9DF21A1E0C6500812CD3 /* UIImageView+AFNetworking.m */; };
		37EC9E091A1E0C8900812CD3 /* AFNetworkingSingleton.m in Sources */ = {isa = PBXBuildFile; fileRef = 37EC9E061A1E0C8900812CD3 /* AFNetworkingSingleton.m */; };
		37EC9E0A1A1E0C8900812CD3 /* AFNetworkingSingleton.m in Sources */ = {isa = PBXBuildFile; fileRef = 37EC9E061A1E0C8900812CD3 /* AFNetworkingSingleton.m */; };
		37EC9E0B1A1E0C8900812CD3 /* AFNetworkingSynchronousSingleton.m in Sources */ = {isa = PBXBuildFile; fileRef = 37EC9E081A1E0C8900812CD3 /* AFNetworkingSynchronousSingleton.m */; };
		37EC9E0C1A1E0C8900812CD3 /* AFNetworkingSynchronousSingleton.m in Sources */ = {isa = PBXBuildFile; fileRef = 37EC9E081A1E0C8900812CD3 /* AFNetworkingSynchronousSingleton.m */; };
		37EC9E111A1E108600812CD3 /* SVProgressHUD.bundle in Resources */ = {isa = PBXBuildFile; fileRef = 37EC9E0E1A1E108600812CD3 /* SVProgressHUD.bundle */; };
		37EC9E121A1E108600812CD3 /* SVProgressHUD.bundle in Resources */ = {isa = PBXBuildFile; fileRef = 37EC9E0E1A1E108600812CD3 /* SVProgressHUD.bundle */; };
		37EC9E131A1E108600812CD3 /* SVProgressHUD.m in Sources */ = {isa = PBXBuildFile; fileRef = 37EC9E101A1E108600812CD3 /* SVProgressHUD.m */; };
		37EC9E141A1E108600812CD3 /* SVProgressHUD.m in Sources */ = {isa = PBXBuildFile; fileRef = 37EC9E101A1E108600812CD3 /* SVProgressHUD.m */; };
		37F827A41A375CDF007DF38D /* SubTypeTableViewController.m in Sources */ = {isa = PBXBuildFile; fileRef = 37F827A21A375CDF007DF38D /* SubTypeTableViewController.m */; };
		37F827A51A375CDF007DF38D /* SubTypeTableViewController.m in Sources */ = {isa = PBXBuildFile; fileRef = 37F827A21A375CDF007DF38D /* SubTypeTableViewController.m */; };
		37F827A61A375CDF007DF38D /* SubTypeTableViewController.xib in Resources */ = {isa = PBXBuildFile; fileRef = 37F827A31A375CDF007DF38D /* SubTypeTableViewController.xib */; };
		37F827A71A375CDF007DF38D /* SubTypeTableViewController.xib in Resources */ = {isa = PBXBuildFile; fileRef = 37F827A31A375CDF007DF38D /* SubTypeTableViewController.xib */; };
		37FB1FF91A234A66005E36A5 /* car.png in Resources */ = {isa = PBXBuildFile; fileRef = 37FB1FF81A234A66005E36A5 /* car.png */; };
		37FB1FFA1A234A66005E36A5 /* car.png in Resources */ = {isa = PBXBuildFile; fileRef = 37FB1FF81A234A66005E36A5 /* car.png */; };
		670A5DA11A38F7C7009A06C7 /* add.png in Resources */ = {isa = PBXBuildFile; fileRef = 670A5D871A38F7C7009A06C7 /* add.png */; };
		670A5DA21A38F7C7009A06C7 /* add@2x.png in Resources */ = {isa = PBXBuildFile; fileRef = 670A5D881A38F7C7009A06C7 /* add@2x.png */; };
		670A5DA31A38F7C7009A06C7 /* type_1_bg.png in Resources */ = {isa = PBXBuildFile; fileRef = 670A5D891A38F7C7009A06C7 /* type_1_bg.png */; };
		670A5DA41A38F7C7009A06C7 /* type_1_bg@2x.png in Resources */ = {isa = PBXBuildFile; fileRef = 670A5D8A1A38F7C7009A06C7 /* type_1_bg@2x.png */; };
		670A5DA51A38F7C7009A06C7 /* type_1.png in Resources */ = {isa = PBXBuildFile; fileRef = 670A5D8B1A38F7C7009A06C7 /* type_1.png */; };
		670A5DA61A38F7C7009A06C7 /* type_1@2x.png in Resources */ = {isa = PBXBuildFile; fileRef = 670A5D8C1A38F7C7009A06C7 /* type_1@2x.png */; };
		670A5DA71A38F7C7009A06C7 /* type_2_bg.png in Resources */ = {isa = PBXBuildFile; fileRef = 670A5D8D1A38F7C7009A06C7 /* type_2_bg.png */; };
		670A5DA81A38F7C7009A06C7 /* type_2_bg@2x.png in Resources */ = {isa = PBXBuildFile; fileRef = 670A5D8E1A38F7C7009A06C7 /* type_2_bg@2x.png */; };
		670A5DA91A38F7C7009A06C7 /* type_2.png in Resources */ = {isa = PBXBuildFile; fileRef = 670A5D8F1A38F7C7009A06C7 /* type_2.png */; };
		670A5DAA1A38F7C7009A06C7 /* type_2@2x.png in Resources */ = {isa = PBXBuildFile; fileRef = 670A5D901A38F7C7009A06C7 /* type_2@2x.png */; };
		670A5DAB1A38F7C7009A06C7 /* type_3_bg.png in Resources */ = {isa = PBXBuildFile; fileRef = 670A5D911A38F7C7009A06C7 /* type_3_bg.png */; };
		670A5DAC1A38F7C7009A06C7 /* type_3_bg@2x.png in Resources */ = {isa = PBXBuildFile; fileRef = 670A5D921A38F7C7009A06C7 /* type_3_bg@2x.png */; };
		670A5DAD1A38F7C7009A06C7 /* type_3.png in Resources */ = {isa = PBXBuildFile; fileRef = 670A5D931A38F7C7009A06C7 /* type_3.png */; };
		670A5DAE1A38F7C7009A06C7 /* type_3@2x.png in Resources */ = {isa = PBXBuildFile; fileRef = 670A5D941A38F7C7009A06C7 /* type_3@2x.png */; };
		670A5DAF1A38F7C7009A06C7 /* type_4_bg.png in Resources */ = {isa = PBXBuildFile; fileRef = 670A5D951A38F7C7009A06C7 /* type_4_bg.png */; };
		670A5DB01A38F7C7009A06C7 /* type_4_bg@2x.png in Resources */ = {isa = PBXBuildFile; fileRef = 670A5D961A38F7C7009A06C7 /* type_4_bg@2x.png */; };
		670A5DB11A38F7C7009A06C7 /* type_4.png in Resources */ = {isa = PBXBuildFile; fileRef = 670A5D971A38F7C7009A06C7 /* type_4.png */; };
		670A5DB21A38F7C7009A06C7 /* type_4@2x.png in Resources */ = {isa = PBXBuildFile; fileRef = 670A5D981A38F7C7009A06C7 /* type_4@2x.png */; };
		670A5DB31A38F7C7009A06C7 /* type_5_bg.png in Resources */ = {isa = PBXBuildFile; fileRef = 670A5D991A38F7C7009A06C7 /* type_5_bg.png */; };
		670A5DB41A38F7C7009A06C7 /* type_5_bg@2x.png in Resources */ = {isa = PBXBuildFile; fileRef = 670A5D9A1A38F7C7009A06C7 /* type_5_bg@2x.png */; };
		670A5DB51A38F7C7009A06C7 /* type_5.png in Resources */ = {isa = PBXBuildFile; fileRef = 670A5D9B1A38F7C7009A06C7 /* type_5.png */; };
		670A5DB61A38F7C7009A06C7 /* type_5@2x.png in Resources */ = {isa = PBXBuildFile; fileRef = 670A5D9C1A38F7C7009A06C7 /* type_5@2x.png */; };
		670A5DB71A38F7C7009A06C7 /* type_6_bg.png in Resources */ = {isa = PBXBuildFile; fileRef = 670A5D9D1A38F7C7009A06C7 /* type_6_bg.png */; };
		670A5DB81A38F7C7009A06C7 /* type_6_bg@2x.png in Resources */ = {isa = PBXBuildFile; fileRef = 670A5D9E1A38F7C7009A06C7 /* type_6_bg@2x.png */; };
		670A5DB91A38F7C7009A06C7 /* type_6.png in Resources */ = {isa = PBXBuildFile; fileRef = 670A5D9F1A38F7C7009A06C7 /* type_6.png */; };
		670A5DBA1A38F7C7009A06C7 /* type_6@2x.png in Resources */ = {isa = PBXBuildFile; fileRef = 670A5DA01A38F7C7009A06C7 /* type_6@2x.png */; };
		670A5DBC1A38F7DF009A06C7 /* dashboard_bg.png in Resources */ = {isa = PBXBuildFile; fileRef = 670A5DBB1A38F7DF009A06C7 /* dashboard_bg.png */; };
		6751A9791A1FF42B004B68E8 /* DashboardViewController.m in Sources */ = {isa = PBXBuildFile; fileRef = 6751A9771A1FF42B004B68E8 /* DashboardViewController.m */; };
		6751A97A1A1FF42B004B68E8 /* DashboardViewController.m in Sources */ = {isa = PBXBuildFile; fileRef = 6751A9771A1FF42B004B68E8 /* DashboardViewController.m */; };
		6751A97B1A1FF42B004B68E8 /* DashboardViewController.xib in Resources */ = {isa = PBXBuildFile; fileRef = 6751A9781A1FF42B004B68E8 /* DashboardViewController.xib */; };
		6751A97C1A1FF42B004B68E8 /* DashboardViewController.xib in Resources */ = {isa = PBXBuildFile; fileRef = 6751A9781A1FF42B004B68E8 /* DashboardViewController.xib */; };
		6751A9851A1FF5D1004B68E8 /* MFSideMenuContainerViewController.m in Sources */ = {isa = PBXBuildFile; fileRef = 6751A9801A1FF5D1004B68E8 /* MFSideMenuContainerViewController.m */; };
		6751A9861A1FF5D1004B68E8 /* MFSideMenuContainerViewController.m in Sources */ = {isa = PBXBuildFile; fileRef = 6751A9801A1FF5D1004B68E8 /* MFSideMenuContainerViewController.m */; };
		6751A9871A1FF5D1004B68E8 /* MFSideMenuShadow.m in Sources */ = {isa = PBXBuildFile; fileRef = 6751A9821A1FF5D1004B68E8 /* MFSideMenuShadow.m */; };
		6751A9881A1FF5D1004B68E8 /* MFSideMenuShadow.m in Sources */ = {isa = PBXBuildFile; fileRef = 6751A9821A1FF5D1004B68E8 /* MFSideMenuShadow.m */; };
		6751A9891A1FF5D1004B68E8 /* UIViewController+MFSideMenuAdditions.m in Sources */ = {isa = PBXBuildFile; fileRef = 6751A9841A1FF5D1004B68E8 /* UIViewController+MFSideMenuAdditions.m */; };
		6751A98A1A1FF5D1004B68E8 /* UIViewController+MFSideMenuAdditions.m in Sources */ = {isa = PBXBuildFile; fileRef = 6751A9841A1FF5D1004B68E8 /* UIViewController+MFSideMenuAdditions.m */; };
		6751A98F1A1FF611004B68E8 /* MenuViewController.m in Sources */ = {isa = PBXBuildFile; fileRef = 6751A98D1A1FF611004B68E8 /* MenuViewController.m */; };
		6751A9901A1FF611004B68E8 /* MenuViewController.m in Sources */ = {isa = PBXBuildFile; fileRef = 6751A98D1A1FF611004B68E8 /* MenuViewController.m */; };
		6751A9911A1FF611004B68E8 /* MenuViewController.xib in Resources */ = {isa = PBXBuildFile; fileRef = 6751A98E1A1FF611004B68E8 /* MenuViewController.xib */; };
		6751A9921A1FF611004B68E8 /* MenuViewController.xib in Resources */ = {isa = PBXBuildFile; fileRef = 6751A98E1A1FF611004B68E8 /* MenuViewController.xib */; };
		6751A9951A1FF9C4004B68E8 /* menu.png in Resources */ = {isa = PBXBuildFile; fileRef = 6751A9941A1FF9C4004B68E8 /* menu.png */; };
		6751A9961A1FF9C4004B68E8 /* menu.png in Resources */ = {isa = PBXBuildFile; fileRef = 6751A9941A1FF9C4004B68E8 /* menu.png */; };
		6751A99B1A1FFF2C004B68E8 /* DashboardTableViewCell.m in Sources */ = {isa = PBXBuildFile; fileRef = 6751A9991A1FFF2C004B68E8 /* DashboardTableViewCell.m */; };
		6751A99C1A1FFF2C004B68E8 /* DashboardTableViewCell.m in Sources */ = {isa = PBXBuildFile; fileRef = 6751A9991A1FFF2C004B68E8 /* DashboardTableViewCell.m */; };
		6751A99D1A1FFF2C004B68E8 /* DashboardTableViewCell.xib in Resources */ = {isa = PBXBuildFile; fileRef = 6751A99A1A1FFF2C004B68E8 /* DashboardTableViewCell.xib */; };
		6751A99E1A1FFF2C004B68E8 /* DashboardTableViewCell.xib in Resources */ = {isa = PBXBuildFile; fileRef = 6751A99A1A1FFF2C004B68E8 /* DashboardTableViewCell.xib */; };
		6751A9A21A200543004B68E8 /* RenewalViewController.m in Sources */ = {isa = PBXBuildFile; fileRef = 6751A9A01A200543004B68E8 /* RenewalViewController.m */; };
		6751A9A31A200543004B68E8 /* RenewalViewController.m in Sources */ = {isa = PBXBuildFile; fileRef = 6751A9A01A200543004B68E8 /* RenewalViewController.m */; };
		6751A9A41A200543004B68E8 /* RenewalViewController.xib in Resources */ = {isa = PBXBuildFile; fileRef = 6751A9A11A200543004B68E8 /* RenewalViewController.xib */; };
		6751A9A51A200543004B68E8 /* RenewalViewController.xib in Resources */ = {isa = PBXBuildFile; fileRef = 6751A9A11A200543004B68E8 /* RenewalViewController.xib */; };
		6751A9A91A2008A1004B68E8 /* AddReminderViewController.m in Sources */ = {isa = PBXBuildFile; fileRef = 6751A9A71A2008A1004B68E8 /* AddReminderViewController.m */; };
		6751A9AA1A2008A1004B68E8 /* AddReminderViewController.m in Sources */ = {isa = PBXBuildFile; fileRef = 6751A9A71A2008A1004B68E8 /* AddReminderViewController.m */; };
		6751A9AB1A2008A1004B68E8 /* AddReminderViewController.xib in Resources */ = {isa = PBXBuildFile; fileRef = 6751A9A81A2008A1004B68E8 /* AddReminderViewController.xib */; };
		6751A9AC1A2008A1004B68E8 /* AddReminderViewController.xib in Resources */ = {isa = PBXBuildFile; fileRef = 6751A9A81A2008A1004B68E8 /* AddReminderViewController.xib */; };
		67E8E52F1A34FC0E009FF488 /* ProfileViewController.m in Sources */ = {isa = PBXBuildFile; fileRef = 67E8E52D1A34FC0E009FF488 /* ProfileViewController.m */; };
		67E8E5301A34FC0E009FF488 /* ProfileViewController.m in Sources */ = {isa = PBXBuildFile; fileRef = 67E8E52D1A34FC0E009FF488 /* ProfileViewController.m */; };
		67E8E5311A34FC0E009FF488 /* ProfileViewController.xib in Resources */ = {isa = PBXBuildFile; fileRef = 67E8E52E1A34FC0E009FF488 /* ProfileViewController.xib */; };
		67E8E5321A34FC0E009FF488 /* ProfileViewController.xib in Resources */ = {isa = PBXBuildFile; fileRef = 67E8E52E1A34FC0E009FF488 /* ProfileViewController.xib */; };
/* End PBXBuildFile section */

/* Begin PBXContainerItemProxy section */
		37E3F2C21A19B27B00BF609B /* PBXContainerItemProxy */ = {
			isa = PBXContainerItemProxy;
			containerPortal = 37E3F29D1A19B27B00BF609B /* Project object */;
			proxyType = 1;
			remoteGlobalIDString = 37E3F2A41A19B27B00BF609B;
			remoteInfo = ReminderService;
		};
/* End PBXContainerItemProxy section */

/* Begin PBXFileReference section */
		370D49701A24DA46002012C0 /* tick_select.png */ = {isa = PBXFileReference; lastKnownFileType = image.png; path = tick_select.png; sourceTree = "<group>"; };
		378C33AE1A28A055001CAECF /* TypeTableViewController.h */ = {isa = PBXFileReference; fileEncoding = 4; lastKnownFileType = sourcecode.c.h; path = TypeTableViewController.h; sourceTree = "<group>"; };
		378C33AF1A28A055001CAECF /* TypeTableViewController.m */ = {isa = PBXFileReference; fileEncoding = 4; lastKnownFileType = sourcecode.c.objc; path = TypeTableViewController.m; sourceTree = "<group>"; };
		378C33B21A28A444001CAECF /* TypeTableViewController.xib */ = {isa = PBXFileReference; fileEncoding = 4; lastKnownFileType = file.xib; path = TypeTableViewController.xib; sourceTree = "<group>"; };
		378FCF521A1B753000E12BBE /* FacebookSDK.framework */ = {isa = PBXFileReference; lastKnownFileType = wrapper.framework; path = FacebookSDK.framework; sourceTree = "<group>"; };
		378FCF5A1A1B7A1500E12BBE /* Accounts.framework */ = {isa = PBXFileReference; lastKnownFileType = wrapper.framework; name = Accounts.framework; path = System/Library/Frameworks/Accounts.framework; sourceTree = SDKROOT; };
		378FCF5C1A1B7A1D00E12BBE /* Social.framework */ = {isa = PBXFileReference; lastKnownFileType = wrapper.framework; name = Social.framework; path = System/Library/Frameworks/Social.framework; sourceTree = SDKROOT; };
		378FCF5F1A1B7CDA00E12BBE /* FHSStream.h */ = {isa = PBXFileReference; fileEncoding = 4; lastKnownFileType = sourcecode.c.h; path = FHSStream.h; sourceTree = "<group>"; };
		378FCF601A1B7CDA00E12BBE /* FHSStream.m */ = {isa = PBXFileReference; fileEncoding = 4; lastKnownFileType = sourcecode.c.objc; path = FHSStream.m; sourceTree = "<group>"; };
		378FCF611A1B7CDA00E12BBE /* FHSTwitterEngine.h */ = {isa = PBXFileReference; fileEncoding = 4; lastKnownFileType = sourcecode.c.h; path = FHSTwitterEngine.h; sourceTree = "<group>"; };
		378FCF621A1B7CDA00E12BBE /* FHSTwitterEngine.m */ = {isa = PBXFileReference; fileEncoding = 4; lastKnownFileType = sourcecode.c.objc; path = FHSTwitterEngine.m; sourceTree = "<group>"; };
		378FCF831A1B816000E12BBE /* Twitter.framework */ = {isa = PBXFileReference; lastKnownFileType = wrapper.framework; name = Twitter.framework; path = System/Library/Frameworks/Twitter.framework; sourceTree = SDKROOT; };
		37ADBFCE1A39C2A5005137F2 /* save.png */ = {isa = PBXFileReference; lastKnownFileType = image.png; path = save.png; sourceTree = "<group>"; };
		37C478AE1A24524600D1491C /* DatePickerPopoverController.h */ = {isa = PBXFileReference; fileEncoding = 4; lastKnownFileType = sourcecode.c.h; path = DatePickerPopoverController.h; sourceTree = "<group>"; };
		37C478AF1A24524600D1491C /* DatePickerPopoverController.m */ = {isa = PBXFileReference; fileEncoding = 4; lastKnownFileType = sourcecode.c.objc; path = DatePickerPopoverController.m; sourceTree = "<group>"; };
		37E3F2A51A19B27B00BF609B /* ReminderService.app */ = {isa = PBXFileReference; explicitFileType = wrapper.application; includeInIndex = 0; path = ReminderService.app; sourceTree = BUILT_PRODUCTS_DIR; };
		37E3F2A91A19B27B00BF609B /* Info.plist */ = {isa = PBXFileReference; lastKnownFileType = text.plist.xml; path = Info.plist; sourceTree = "<group>"; };
		37E3F2AA1A19B27B00BF609B /* main.m */ = {isa = PBXFileReference; lastKnownFileType = sourcecode.c.objc; path = main.m; sourceTree = "<group>"; };
		37E3F2AC1A19B27B00BF609B /* AppDelegate.h */ = {isa = PBXFileReference; lastKnownFileType = sourcecode.c.h; path = AppDelegate.h; sourceTree = "<group>"; };
		37E3F2AD1A19B27B00BF609B /* AppDelegate.m */ = {isa = PBXFileReference; lastKnownFileType = sourcecode.c.objc; path = AppDelegate.m; sourceTree = "<group>"; };
		37E3F2B01A19B27B00BF609B /* ReminderService.xcdatamodel */ = {isa = PBXFileReference; lastKnownFileType = wrapper.xcdatamodel; path = ReminderService.xcdatamodel; sourceTree = "<group>"; };
		37E3F2B61A19B27B00BF609B /* Base */ = {isa = PBXFileReference; lastKnownFileType = file.storyboard; name = Base; path = Base.lproj/Main.storyboard; sourceTree = "<group>"; };
		37E3F2B81A19B27B00BF609B /* Images.xcassets */ = {isa = PBXFileReference; lastKnownFileType = folder.assetcatalog; path = Images.xcassets; sourceTree = "<group>"; };
		37E3F2BB1A19B27B00BF609B /* Base */ = {isa = PBXFileReference; lastKnownFileType = file.xib; name = Base; path = Base.lproj/LaunchScreen.xib; sourceTree = "<group>"; };
		37E3F2C11A19B27B00BF609B /* ReminderServiceTests.xctest */ = {isa = PBXFileReference; explicitFileType = wrapper.cfbundle; includeInIndex = 0; path = ReminderServiceTests.xctest; sourceTree = BUILT_PRODUCTS_DIR; };
		37E3F2C61A19B27B00BF609B /* Info.plist */ = {isa = PBXFileReference; lastKnownFileType = text.plist.xml; path = Info.plist; sourceTree = "<group>"; };
		37E3F2C71A19B27B00BF609B /* ReminderServiceTests.m */ = {isa = PBXFileReference; lastKnownFileType = sourcecode.c.objc; path = ReminderServiceTests.m; sourceTree = "<group>"; };
		37E3F2D41A1A0C7F00BF609B /* MainViewController.h */ = {isa = PBXFileReference; fileEncoding = 4; lastKnownFileType = sourcecode.c.h; path = MainViewController.h; sourceTree = "<group>"; };
		37E3F2D51A1A0C7F00BF609B /* MainViewController.m */ = {isa = PBXFileReference; fileEncoding = 4; lastKnownFileType = sourcecode.c.objc; path = MainViewController.m; sourceTree = "<group>"; };
		37E3F2D81A1A0D0B00BF609B /* login_bg.png */ = {isa = PBXFileReference; lastKnownFileType = image.png; path = login_bg.png; sourceTree = "<group>"; };
		37E3F2D91A1A0D0B00BF609B /* login_bg@2x.png */ = {isa = PBXFileReference; lastKnownFileType = image.png; path = "login_bg@2x.png"; sourceTree = "<group>"; };
		37E3F2DA1A1A0D0B00BF609B /* login_bg@3x.png */ = {isa = PBXFileReference; lastKnownFileType = image.png; path = "login_bg@3x.png"; sourceTree = "<group>"; };
		37E3F2E11A1A1FED00BF609B /* facebook_btn.png */ = {isa = PBXFileReference; lastKnownFileType = image.png; path = facebook_btn.png; sourceTree = "<group>"; };
		37E3F2E21A1A1FED00BF609B /* form_bg.png */ = {isa = PBXFileReference; lastKnownFileType = image.png; path = form_bg.png; sourceTree = "<group>"; };
		37E3F2E31A1A1FED00BF609B /* login_btn.png */ = {isa = PBXFileReference; lastKnownFileType = image.png; path = login_btn.png; sourceTree = "<group>"; };
		37E3F2E41A1A1FED00BF609B /* register_btn.png */ = {isa = PBXFileReference; lastKnownFileType = image.png; path = register_btn.png; sourceTree = "<group>"; };
		37E3F2E51A1A1FED00BF609B /* twitter_btn.png */ = {isa = PBXFileReference; lastKnownFileType = image.png; path = twitter_btn.png; sourceTree = "<group>"; };
		37E3F2F01A1A209900BF609B /* email_icon.png */ = {isa = PBXFileReference; lastKnownFileType = image.png; path = email_icon.png; sourceTree = "<group>"; };
		37E3F2F11A1A209900BF609B /* password_icon.png */ = {isa = PBXFileReference; lastKnownFileType = image.png; path = password_icon.png; sourceTree = "<group>"; };
		37EC9DB51A1DF9BE00812CD3 /* hand_bg.png */ = {isa = PBXFileReference; lastKnownFileType = image.png; path = hand_bg.png; sourceTree = "<group>"; };
		37EC9DB61A1DF9BE00812CD3 /* logo_bg.png */ = {isa = PBXFileReference; lastKnownFileType = image.png; path = logo_bg.png; sourceTree = "<group>"; };
		37EC9DB71A1DF9BE00812CD3 /* forgot_pass_bg.png */ = {isa = PBXFileReference; lastKnownFileType = image.png; path = forgot_pass_bg.png; sourceTree = "<group>"; };
		37EC9DBE1A1DFA1C00812CD3 /* app_bg.png */ = {isa = PBXFileReference; lastKnownFileType = image.png; path = app_bg.png; sourceTree = "<group>"; };
		37EC9DC11A1DFF9100812CD3 /* PasswordViewController.h */ = {isa = PBXFileReference; fileEncoding = 4; lastKnownFileType = sourcecode.c.h; path = PasswordViewController.h; sourceTree = "<group>"; };
		37EC9DC21A1DFF9100812CD3 /* PasswordViewController.m */ = {isa = PBXFileReference; fileEncoding = 4; lastKnownFileType = sourcecode.c.objc; path = PasswordViewController.m; sourceTree = "<group>"; };
		37EC9DC31A1DFF9100812CD3 /* PasswordViewController.xib */ = {isa = PBXFileReference; fileEncoding = 4; lastKnownFileType = file.xib; path = PasswordViewController.xib; sourceTree = "<group>"; };
		37EC9DC91A1E06BC00812CD3 /* RegisterViewController.h */ = {isa = PBXFileReference; fileEncoding = 4; lastKnownFileType = sourcecode.c.h; path = RegisterViewController.h; sourceTree = "<group>"; };
		37EC9DCA1A1E06BC00812CD3 /* RegisterViewController.m */ = {isa = PBXFileReference; fileEncoding = 4; lastKnownFileType = sourcecode.c.objc; path = RegisterViewController.m; sourceTree = "<group>"; };
		37EC9DCB1A1E06BC00812CD3 /* RegisterViewController.xib */ = {isa = PBXFileReference; fileEncoding = 4; lastKnownFileType = file.xib; path = RegisterViewController.xib; sourceTree = "<group>"; };
		37EC9DD01A1E084B00812CD3 /* mobile.png */ = {isa = PBXFileReference; lastKnownFileType = image.png; path = mobile.png; sourceTree = "<group>"; };
		37EC9DD11A1E084B00812CD3 /* pencil.png */ = {isa = PBXFileReference; lastKnownFileType = image.png; path = pencil.png; sourceTree = "<group>"; };
		37EC9DD21A1E084B00812CD3 /* register_bg.png */ = {isa = PBXFileReference; lastKnownFileType = image.png; path = register_bg.png; sourceTree = "<group>"; };
		37EC9DD31A1E084B00812CD3 /* tick.png */ = {isa = PBXFileReference; lastKnownFileType = image.png; path = tick.png; sourceTree = "<group>"; };
		37EC9DDC1A1E0A5D00812CD3 /* btn_back.png */ = {isa = PBXFileReference; lastKnownFileType = image.png; path = btn_back.png; sourceTree = "<group>"; };
		37EC9DE01A1E0C6500812CD3 /* AFHTTPClient.h */ = {isa = PBXFileReference; fileEncoding = 4; lastKnownFileType = sourcecode.c.h; path = AFHTTPClient.h; sourceTree = "<group>"; };
		37EC9DE11A1E0C6500812CD3 /* AFHTTPClient.m */ = {isa = PBXFileReference; fileEncoding = 4; lastKnownFileType = sourcecode.c.objc; path = AFHTTPClient.m; sourceTree = "<group>"; };
		37EC9DE21A1E0C6500812CD3 /* AFHTTPRequestOperation.h */ = {isa = PBXFileReference; fileEncoding = 4; lastKnownFileType = sourcecode.c.h; path = AFHTTPRequestOperation.h; sourceTree = "<group>"; };
		37EC9DE31A1E0C6500812CD3 /* AFHTTPRequestOperation.m */ = {isa = PBXFileReference; fileEncoding = 4; lastKnownFileType = sourcecode.c.objc; path = AFHTTPRequestOperation.m; sourceTree = "<group>"; };
		37EC9DE41A1E0C6500812CD3 /* AFImageRequestOperation.h */ = {isa = PBXFileReference; fileEncoding = 4; lastKnownFileType = sourcecode.c.h; path = AFImageRequestOperation.h; sourceTree = "<group>"; };
		37EC9DE51A1E0C6500812CD3 /* AFImageRequestOperation.m */ = {isa = PBXFileReference; fileEncoding = 4; lastKnownFileType = sourcecode.c.objc; path = AFImageRequestOperation.m; sourceTree = "<group>"; };
		37EC9DE61A1E0C6500812CD3 /* AFJSONRequestOperation.h */ = {isa = PBXFileReference; fileEncoding = 4; lastKnownFileType = sourcecode.c.h; path = AFJSONRequestOperation.h; sourceTree = "<group>"; };
		37EC9DE71A1E0C6500812CD3 /* AFJSONRequestOperation.m */ = {isa = PBXFileReference; fileEncoding = 4; lastKnownFileType = sourcecode.c.objc; path = AFJSONRequestOperation.m; sourceTree = "<group>"; };
		37EC9DE81A1E0C6500812CD3 /* AFNetworkActivityIndicatorManager.h */ = {isa = PBXFileReference; fileEncoding = 4; lastKnownFileType = sourcecode.c.h; path = AFNetworkActivityIndicatorManager.h; sourceTree = "<group>"; };
		37EC9DE91A1E0C6500812CD3 /* AFNetworkActivityIndicatorManager.m */ = {isa = PBXFileReference; fileEncoding = 4; lastKnownFileType = sourcecode.c.objc; path = AFNetworkActivityIndicatorManager.m; sourceTree = "<group>"; };
		37EC9DEA1A1E0C6500812CD3 /* AFNetworking.h */ = {isa = PBXFileReference; fileEncoding = 4; lastKnownFileType = sourcecode.c.h; path = AFNetworking.h; sourceTree = "<group>"; };
		37EC9DEB1A1E0C6500812CD3 /* AFPropertyListRequestOperation.h */ = {isa = PBXFileReference; fileEncoding = 4; lastKnownFileType = sourcecode.c.h; path = AFPropertyListRequestOperation.h; sourceTree = "<group>"; };
		37EC9DEC1A1E0C6500812CD3 /* AFPropertyListRequestOperation.m */ = {isa = PBXFileReference; fileEncoding = 4; lastKnownFileType = sourcecode.c.objc; path = AFPropertyListRequestOperation.m; sourceTree = "<group>"; };
		37EC9DED1A1E0C6500812CD3 /* AFURLConnectionOperation.h */ = {isa = PBXFileReference; fileEncoding = 4; lastKnownFileType = sourcecode.c.h; path = AFURLConnectionOperation.h; sourceTree = "<group>"; };
		37EC9DEE1A1E0C6500812CD3 /* AFURLConnectionOperation.m */ = {isa = PBXFileReference; fileEncoding = 4; lastKnownFileType = sourcecode.c.objc; path = AFURLConnectionOperation.m; sourceTree = "<group>"; };
		37EC9DEF1A1E0C6500812CD3 /* AFXMLRequestOperation.h */ = {isa = PBXFileReference; fileEncoding = 4; lastKnownFileType = sourcecode.c.h; path = AFXMLRequestOperation.h; sourceTree = "<group>"; };
		37EC9DF01A1E0C6500812CD3 /* AFXMLRequestOperation.m */ = {isa = PBXFileReference; fileEncoding = 4; lastKnownFileType = sourcecode.c.objc; path = AFXMLRequestOperation.m; sourceTree = "<group>"; };
		37EC9DF11A1E0C6500812CD3 /* UIImageView+AFNetworking.h */ = {isa = PBXFileReference; fileEncoding = 4; lastKnownFileType = sourcecode.c.h; path = "UIImageView+AFNetworking.h"; sourceTree = "<group>"; };
		37EC9DF21A1E0C6500812CD3 /* UIImageView+AFNetworking.m */ = {isa = PBXFileReference; fileEncoding = 4; lastKnownFileType = sourcecode.c.objc; path = "UIImageView+AFNetworking.m"; sourceTree = "<group>"; };
		37EC9E051A1E0C8900812CD3 /* AFNetworkingSingleton.h */ = {isa = PBXFileReference; fileEncoding = 4; lastKnownFileType = sourcecode.c.h; path = AFNetworkingSingleton.h; sourceTree = "<group>"; };
		37EC9E061A1E0C8900812CD3 /* AFNetworkingSingleton.m */ = {isa = PBXFileReference; fileEncoding = 4; lastKnownFileType = sourcecode.c.objc; path = AFNetworkingSingleton.m; sourceTree = "<group>"; };
		37EC9E071A1E0C8900812CD3 /* AFNetworkingSynchronousSingleton.h */ = {isa = PBXFileReference; fileEncoding = 4; lastKnownFileType = sourcecode.c.h; path = AFNetworkingSynchronousSingleton.h; sourceTree = "<group>"; };
		37EC9E081A1E0C8900812CD3 /* AFNetworkingSynchronousSingleton.m */ = {isa = PBXFileReference; fileEncoding = 4; lastKnownFileType = sourcecode.c.objc; path = AFNetworkingSynchronousSingleton.m; sourceTree = "<group>"; };
		37EC9E0E1A1E108600812CD3 /* SVProgressHUD.bundle */ = {isa = PBXFileReference; lastKnownFileType = "wrapper.plug-in"; path = SVProgressHUD.bundle; sourceTree = "<group>"; };
		37EC9E0F1A1E108600812CD3 /* SVProgressHUD.h */ = {isa = PBXFileReference; fileEncoding = 4; lastKnownFileType = sourcecode.c.h; path = SVProgressHUD.h; sourceTree = "<group>"; };
		37EC9E101A1E108600812CD3 /* SVProgressHUD.m */ = {isa = PBXFileReference; fileEncoding = 4; lastKnownFileType = sourcecode.c.objc; path = SVProgressHUD.m; sourceTree = "<group>"; };
		37F827A11A375CDF007DF38D /* SubTypeTableViewController.h */ = {isa = PBXFileReference; fileEncoding = 4; lastKnownFileType = sourcecode.c.h; name = SubTypeTableViewController.h; path = ../../../../../ReminderService/ReminderService/Classes/AddReminder/Model/SubTypeTableViewController.h; sourceTree = "<group>"; };
		37F827A21A375CDF007DF38D /* SubTypeTableViewController.m */ = {isa = PBXFileReference; fileEncoding = 4; lastKnownFileType = sourcecode.c.objc; name = SubTypeTableViewController.m; path = ../../../../../ReminderService/ReminderService/Classes/AddReminder/Model/SubTypeTableViewController.m; sourceTree = "<group>"; };
		37F827A31A375CDF007DF38D /* SubTypeTableViewController.xib */ = {isa = PBXFileReference; fileEncoding = 4; lastKnownFileType = file.xib; name = SubTypeTableViewController.xib; path = ../../../../../ReminderService/ReminderService/Classes/AddReminder/Model/SubTypeTableViewController.xib; sourceTree = "<group>"; };
		37FB1FF71A22CBD3005E36A5 /* Constant.h */ = {isa = PBXFileReference; fileEncoding = 4; lastKnownFileType = sourcecode.c.h; path = Constant.h; sourceTree = "<group>"; };
		37FB1FF81A234A66005E36A5 /* car.png */ = {isa = PBXFileReference; lastKnownFileType = image.png; path = car.png; sourceTree = "<group>"; };
		670A5D871A38F7C7009A06C7 /* add.png */ = {isa = PBXFileReference; lastKnownFileType = image.png; path = add.png; sourceTree = "<group>"; };
		670A5D881A38F7C7009A06C7 /* add@2x.png */ = {isa = PBXFileReference; lastKnownFileType = image.png; path = "add@2x.png"; sourceTree = "<group>"; };
		670A5D891A38F7C7009A06C7 /* type_1_bg.png */ = {isa = PBXFileReference; lastKnownFileType = image.png; path = type_1_bg.png; sourceTree = "<group>"; };
		670A5D8A1A38F7C7009A06C7 /* type_1_bg@2x.png */ = {isa = PBXFileReference; lastKnownFileType = image.png; path = "type_1_bg@2x.png"; sourceTree = "<group>"; };
		670A5D8B1A38F7C7009A06C7 /* type_1.png */ = {isa = PBXFileReference; lastKnownFileType = image.png; path = type_1.png; sourceTree = "<group>"; };
		670A5D8C1A38F7C7009A06C7 /* type_1@2x.png */ = {isa = PBXFileReference; lastKnownFileType = image.png; path = "type_1@2x.png"; sourceTree = "<group>"; };
		670A5D8D1A38F7C7009A06C7 /* type_2_bg.png */ = {isa = PBXFileReference; lastKnownFileType = image.png; path = type_2_bg.png; sourceTree = "<group>"; };
		670A5D8E1A38F7C7009A06C7 /* type_2_bg@2x.png */ = {isa = PBXFileReference; lastKnownFileType = image.png; path = "type_2_bg@2x.png"; sourceTree = "<group>"; };
		670A5D8F1A38F7C7009A06C7 /* type_2.png */ = {isa = PBXFileReference; lastKnownFileType = image.png; path = type_2.png; sourceTree = "<group>"; };
		670A5D901A38F7C7009A06C7 /* type_2@2x.png */ = {isa = PBXFileReference; lastKnownFileType = image.png; path = "type_2@2x.png"; sourceTree = "<group>"; };
		670A5D911A38F7C7009A06C7 /* type_3_bg.png */ = {isa = PBXFileReference; lastKnownFileType = image.png; path = type_3_bg.png; sourceTree = "<group>"; };
		670A5D921A38F7C7009A06C7 /* type_3_bg@2x.png */ = {isa = PBXFileReference; lastKnownFileType = image.png; path = "type_3_bg@2x.png"; sourceTree = "<group>"; };
		670A5D931A38F7C7009A06C7 /* type_3.png */ = {isa = PBXFileReference; lastKnownFileType = image.png; path = type_3.png; sourceTree = "<group>"; };
		670A5D941A38F7C7009A06C7 /* type_3@2x.png */ = {isa = PBXFileReference; lastKnownFileType = image.png; path = "type_3@2x.png"; sourceTree = "<group>"; };
		670A5D951A38F7C7009A06C7 /* type_4_bg.png */ = {isa = PBXFileReference; lastKnownFileType = image.png; path = type_4_bg.png; sourceTree = "<group>"; };
		670A5D961A38F7C7009A06C7 /* type_4_bg@2x.png */ = {isa = PBXFileReference; lastKnownFileType = image.png; path = "type_4_bg@2x.png"; sourceTree = "<group>"; };
		670A5D971A38F7C7009A06C7 /* type_4.png */ = {isa = PBXFileReference; lastKnownFileType = image.png; path = type_4.png; sourceTree = "<group>"; };
		670A5D981A38F7C7009A06C7 /* type_4@2x.png */ = {isa = PBXFileReference; lastKnownFileType = image.png; path = "type_4@2x.png"; sourceTree = "<group>"; };
		670A5D991A38F7C7009A06C7 /* type_5_bg.png */ = {isa = PBXFileReference; lastKnownFileType = image.png; path = type_5_bg.png; sourceTree = "<group>"; };
		670A5D9A1A38F7C7009A06C7 /* type_5_bg@2x.png */ = {isa = PBXFileReference; lastKnownFileType = image.png; path = "type_5_bg@2x.png"; sourceTree = "<group>"; };
		670A5D9B1A38F7C7009A06C7 /* type_5.png */ = {isa = PBXFileReference; lastKnownFileType = image.png; path = type_5.png; sourceTree = "<group>"; };
		670A5D9C1A38F7C7009A06C7 /* type_5@2x.png */ = {isa = PBXFileReference; lastKnownFileType = image.png; path = "type_5@2x.png"; sourceTree = "<group>"; };
		670A5D9D1A38F7C7009A06C7 /* type_6_bg.png */ = {isa = PBXFileReference; lastKnownFileType = image.png; path = type_6_bg.png; sourceTree = "<group>"; };
		670A5D9E1A38F7C7009A06C7 /* type_6_bg@2x.png */ = {isa = PBXFileReference; lastKnownFileType = image.png; path = "type_6_bg@2x.png"; sourceTree = "<group>"; };
		670A5D9F1A38F7C7009A06C7 /* type_6.png */ = {isa = PBXFileReference; lastKnownFileType = image.png; path = type_6.png; sourceTree = "<group>"; };
		670A5DA01A38F7C7009A06C7 /* type_6@2x.png */ = {isa = PBXFileReference; lastKnownFileType = image.png; path = "type_6@2x.png"; sourceTree = "<group>"; };
		670A5DBB1A38F7DF009A06C7 /* dashboard_bg.png */ = {isa = PBXFileReference; lastKnownFileType = image.png; path = dashboard_bg.png; sourceTree = "<group>"; };
		6751A9761A1FF42B004B68E8 /* DashboardViewController.h */ = {isa = PBXFileReference; fileEncoding = 4; lastKnownFileType = sourcecode.c.h; path = DashboardViewController.h; sourceTree = "<group>"; };
		6751A9771A1FF42B004B68E8 /* DashboardViewController.m */ = {isa = PBXFileReference; fileEncoding = 4; lastKnownFileType = sourcecode.c.objc; path = DashboardViewController.m; sourceTree = "<group>"; };
		6751A9781A1FF42B004B68E8 /* DashboardViewController.xib */ = {isa = PBXFileReference; fileEncoding = 4; lastKnownFileType = file.xib; path = DashboardViewController.xib; sourceTree = "<group>"; };
		6751A97E1A1FF5D1004B68E8 /* MFSideMenu.h */ = {isa = PBXFileReference; fileEncoding = 4; lastKnownFileType = sourcecode.c.h; path = MFSideMenu.h; sourceTree = "<group>"; };
		6751A97F1A1FF5D1004B68E8 /* MFSideMenuContainerViewController.h */ = {isa = PBXFileReference; fileEncoding = 4; lastKnownFileType = sourcecode.c.h; path = MFSideMenuContainerViewController.h; sourceTree = "<group>"; };
		6751A9801A1FF5D1004B68E8 /* MFSideMenuContainerViewController.m */ = {isa = PBXFileReference; fileEncoding = 4; lastKnownFileType = sourcecode.c.objc; path = MFSideMenuContainerViewController.m; sourceTree = "<group>"; };
		6751A9811A1FF5D1004B68E8 /* MFSideMenuShadow.h */ = {isa = PBXFileReference; fileEncoding = 4; lastKnownFileType = sourcecode.c.h; path = MFSideMenuShadow.h; sourceTree = "<group>"; };
		6751A9821A1FF5D1004B68E8 /* MFSideMenuShadow.m */ = {isa = PBXFileReference; fileEncoding = 4; lastKnownFileType = sourcecode.c.objc; path = MFSideMenuShadow.m; sourceTree = "<group>"; };
		6751A9831A1FF5D1004B68E8 /* UIViewController+MFSideMenuAdditions.h */ = {isa = PBXFileReference; fileEncoding = 4; lastKnownFileType = sourcecode.c.h; path = "UIViewController+MFSideMenuAdditions.h"; sourceTree = "<group>"; };
		6751A9841A1FF5D1004B68E8 /* UIViewController+MFSideMenuAdditions.m */ = {isa = PBXFileReference; fileEncoding = 4; lastKnownFileType = sourcecode.c.objc; path = "UIViewController+MFSideMenuAdditions.m"; sourceTree = "<group>"; };
		6751A98C1A1FF611004B68E8 /* MenuViewController.h */ = {isa = PBXFileReference; fileEncoding = 4; lastKnownFileType = sourcecode.c.h; path = MenuViewController.h; sourceTree = "<group>"; };
		6751A98D1A1FF611004B68E8 /* MenuViewController.m */ = {isa = PBXFileReference; fileEncoding = 4; lastKnownFileType = sourcecode.c.objc; path = MenuViewController.m; sourceTree = "<group>"; };
		6751A98E1A1FF611004B68E8 /* MenuViewController.xib */ = {isa = PBXFileReference; fileEncoding = 4; lastKnownFileType = file.xib; path = MenuViewController.xib; sourceTree = "<group>"; };
		6751A9931A1FF6BB004B68E8 /* Reminder.pch */ = {isa = PBXFileReference; fileEncoding = 4; lastKnownFileType = sourcecode.c.h; path = Reminder.pch; sourceTree = "<group>"; };
		6751A9941A1FF9C4004B68E8 /* menu.png */ = {isa = PBXFileReference; lastKnownFileType = image.png; path = menu.png; sourceTree = "<group>"; };
		6751A9981A1FFF2C004B68E8 /* DashboardTableViewCell.h */ = {isa = PBXFileReference; fileEncoding = 4; lastKnownFileType = sourcecode.c.h; path = DashboardTableViewCell.h; sourceTree = "<group>"; };
		6751A9991A1FFF2C004B68E8 /* DashboardTableViewCell.m */ = {isa = PBXFileReference; fileEncoding = 4; lastKnownFileType = sourcecode.c.objc; path = DashboardTableViewCell.m; sourceTree = "<group>"; };
		6751A99A1A1FFF2C004B68E8 /* DashboardTableViewCell.xib */ = {isa = PBXFileReference; fileEncoding = 4; lastKnownFileType = file.xib; path = DashboardTableViewCell.xib; sourceTree = "<group>"; };
		6751A99F1A200543004B68E8 /* RenewalViewController.h */ = {isa = PBXFileReference; fileEncoding = 4; lastKnownFileType = sourcecode.c.h; path = RenewalViewController.h; sourceTree = "<group>"; };
		6751A9A01A200543004B68E8 /* RenewalViewController.m */ = {isa = PBXFileReference; fileEncoding = 4; lastKnownFileType = sourcecode.c.objc; path = RenewalViewController.m; sourceTree = "<group>"; };
		6751A9A11A200543004B68E8 /* RenewalViewController.xib */ = {isa = PBXFileReference; fileEncoding = 4; lastKnownFileType = file.xib; path = RenewalViewController.xib; sourceTree = "<group>"; };
		6751A9A61A2008A1004B68E8 /* AddReminderViewController.h */ = {isa = PBXFileReference; fileEncoding = 4; lastKnownFileType = sourcecode.c.h; path = AddReminderViewController.h; sourceTree = "<group>"; };
		6751A9A71A2008A1004B68E8 /* AddReminderViewController.m */ = {isa = PBXFileReference; fileEncoding = 4; lastKnownFileType = sourcecode.c.objc; path = AddReminderViewController.m; sourceTree = "<group>"; };
		6751A9A81A2008A1004B68E8 /* AddReminderViewController.xib */ = {isa = PBXFileReference; fileEncoding = 4; lastKnownFileType = file.xib; path = AddReminderViewController.xib; sourceTree = "<group>"; };
		67E8E52C1A34FC0E009FF488 /* ProfileViewController.h */ = {isa = PBXFileReference; fileEncoding = 4; lastKnownFileType = sourcecode.c.h; path = ProfileViewController.h; sourceTree = "<group>"; };
		67E8E52D1A34FC0E009FF488 /* ProfileViewController.m */ = {isa = PBXFileReference; fileEncoding = 4; lastKnownFileType = sourcecode.c.objc; path = ProfileViewController.m; sourceTree = "<group>"; };
		67E8E52E1A34FC0E009FF488 /* ProfileViewController.xib */ = {isa = PBXFileReference; fileEncoding = 4; lastKnownFileType = file.xib; path = ProfileViewController.xib; sourceTree = "<group>"; };
/* End PBXFileReference section */

/* Begin PBXFrameworksBuildPhase section */
		37E3F2A21A19B27B00BF609B /* Frameworks */ = {
			isa = PBXFrameworksBuildPhase;
			buildActionMask = 2147483647;
			files = (
				378FCF841A1B816000E12BBE /* Twitter.framework in Frameworks */,
				378FCF5D1A1B7A1D00E12BBE /* Social.framework in Frameworks */,
				378FCF5B1A1B7A1500E12BBE /* Accounts.framework in Frameworks */,
				378FCF531A1B753000E12BBE /* FacebookSDK.framework in Frameworks */,
			);
			runOnlyForDeploymentPostprocessing = 0;
		};
		37E3F2BE1A19B27B00BF609B /* Frameworks */ = {
			isa = PBXFrameworksBuildPhase;
			buildActionMask = 2147483647;
			files = (
				378FCF541A1B753000E12BBE /* FacebookSDK.framework in Frameworks */,
			);
			runOnlyForDeploymentPostprocessing = 0;
		};
/* End PBXFrameworksBuildPhase section */

/* Begin PBXGroup section */
		378C33AD1A28A03D001CAECF /* Model */ = {
			isa = PBXGroup;
			children = (
				37F827A11A375CDF007DF38D /* SubTypeTableViewController.h */,
				37F827A21A375CDF007DF38D /* SubTypeTableViewController.m */,
				37F827A31A375CDF007DF38D /* SubTypeTableViewController.xib */,
				378C33AE1A28A055001CAECF /* TypeTableViewController.h */,
				378C33AF1A28A055001CAECF /* TypeTableViewController.m */,
				378C33B21A28A444001CAECF /* TypeTableViewController.xib */,
			);
			path = Model;
			sourceTree = "<group>";
		};
		378FCF551A1B79E000E12BBE /* Libs */ = {
			isa = PBXGroup;
			children = (
				37C478AD1A24521200D1491C /* DatePicker */,
				37FB1FF61A22CBB8005E36A5 /* Common */,
				6751A97D1A1FF5D1004B68E8 /* MFSideMenu */,
				37EC9E0D1A1E108600812CD3 /* SVProgressHUD */,
				37EC9DDF1A1E0C6500812CD3 /* AFNetworking */,
				378FCF5E1A1B7CDA00E12BBE /* FHSTwitterEngine */,
			);
			path = Libs;
			sourceTree = "<group>";
		};
		378FCF5E1A1B7CDA00E12BBE /* FHSTwitterEngine */ = {
			isa = PBXGroup;
			children = (
				378FCF5F1A1B7CDA00E12BBE /* FHSStream.h */,
				378FCF601A1B7CDA00E12BBE /* FHSStream.m */,
				378FCF611A1B7CDA00E12BBE /* FHSTwitterEngine.h */,
				378FCF621A1B7CDA00E12BBE /* FHSTwitterEngine.m */,
			);
			path = FHSTwitterEngine;
			sourceTree = "<group>";
		};
		37C478AD1A24521200D1491C /* DatePicker */ = {
			isa = PBXGroup;
			children = (
				37C478AE1A24524600D1491C /* DatePickerPopoverController.h */,
				37C478AF1A24524600D1491C /* DatePickerPopoverController.m */,
			);
			path = DatePicker;
			sourceTree = "<group>";
		};
		37E3F29C1A19B27B00BF609B = {
			isa = PBXGroup;
			children = (
				378FCF831A1B816000E12BBE /* Twitter.framework */,
				378FCF5C1A1B7A1D00E12BBE /* Social.framework */,
				378FCF5A1A1B7A1500E12BBE /* Accounts.framework */,
				378FCF521A1B753000E12BBE /* FacebookSDK.framework */,
				37E3F2A71A19B27B00BF609B /* ReminderService */,
				37E3F2C41A19B27B00BF609B /* ReminderServiceTests */,
				37E3F2A61A19B27B00BF609B /* Products */,
			);
			sourceTree = "<group>";
		};
		37E3F2A61A19B27B00BF609B /* Products */ = {
			isa = PBXGroup;
			children = (
				37E3F2A51A19B27B00BF609B /* ReminderService.app */,
				37E3F2C11A19B27B00BF609B /* ReminderServiceTests.xctest */,
			);
			name = Products;
			sourceTree = "<group>";
		};
		37E3F2A71A19B27B00BF609B /* ReminderService */ = {
			isa = PBXGroup;
			children = (
				378FCF551A1B79E000E12BBE /* Libs */,
				37E3F2D21A1A0C5E00BF609B /* Classes */,
				37E3F2AC1A19B27B00BF609B /* AppDelegate.h */,
				37E3F2AD1A19B27B00BF609B /* AppDelegate.m */,
				37E3F2B51A19B27B00BF609B /* Main.storyboard */,
				37E3F2B81A19B27B00BF609B /* Images.xcassets */,
				37E3F2BA1A19B27B00BF609B /* LaunchScreen.xib */,
				37E3F2AF1A19B27B00BF609B /* ReminderService.xcdatamodeld */,
				37E3F2D11A1A0C4900BF609B /* Resources */,
				37E3F2A81A19B27B00BF609B /* Supporting Files */,
			);
			path = ReminderService;
			sourceTree = "<group>";
		};
		37E3F2A81A19B27B00BF609B /* Supporting Files */ = {
			isa = PBXGroup;
			children = (
				37E3F2A91A19B27B00BF609B /* Info.plist */,
				37E3F2AA1A19B27B00BF609B /* main.m */,
				6751A9931A1FF6BB004B68E8 /* Reminder.pch */,
			);
			name = "Supporting Files";
			sourceTree = "<group>";
		};
		37E3F2C41A19B27B00BF609B /* ReminderServiceTests */ = {
			isa = PBXGroup;
			children = (
				37E3F2C71A19B27B00BF609B /* ReminderServiceTests.m */,
				37E3F2C51A19B27B00BF609B /* Supporting Files */,
			);
			path = ReminderServiceTests;
			sourceTree = "<group>";
		};
		37E3F2C51A19B27B00BF609B /* Supporting Files */ = {
			isa = PBXGroup;
			children = (
				37E3F2C61A19B27B00BF609B /* Info.plist */,
			);
			name = "Supporting Files";
			sourceTree = "<group>";
		};
		37E3F2D11A1A0C4900BF609B /* Resources */ = {
			isa = PBXGroup;
			children = (
				37ADBFCE1A39C2A5005137F2 /* save.png */,
				670A5D871A38F7C7009A06C7 /* add.png */,
				670A5D881A38F7C7009A06C7 /* add@2x.png */,
				670A5D891A38F7C7009A06C7 /* type_1_bg.png */,
				670A5D8A1A38F7C7009A06C7 /* type_1_bg@2x.png */,
				670A5D8B1A38F7C7009A06C7 /* type_1.png */,
				670A5D8C1A38F7C7009A06C7 /* type_1@2x.png */,
				670A5D8D1A38F7C7009A06C7 /* type_2_bg.png */,
				670A5D8E1A38F7C7009A06C7 /* type_2_bg@2x.png */,
				670A5D8F1A38F7C7009A06C7 /* type_2.png */,
				670A5D901A38F7C7009A06C7 /* type_2@2x.png */,
				670A5D911A38F7C7009A06C7 /* type_3_bg.png */,
				670A5D921A38F7C7009A06C7 /* type_3_bg@2x.png */,
				670A5D931A38F7C7009A06C7 /* type_3.png */,
				670A5D941A38F7C7009A06C7 /* type_3@2x.png */,
				670A5D951A38F7C7009A06C7 /* type_4_bg.png */,
				670A5D961A38F7C7009A06C7 /* type_4_bg@2x.png */,
				670A5D971A38F7C7009A06C7 /* type_4.png */,
				670A5D981A38F7C7009A06C7 /* type_4@2x.png */,
				670A5D991A38F7C7009A06C7 /* type_5_bg.png */,
				670A5D9A1A38F7C7009A06C7 /* type_5_bg@2x.png */,
				670A5D9B1A38F7C7009A06C7 /* type_5.png */,
				670A5D9C1A38F7C7009A06C7 /* type_5@2x.png */,
				670A5DBB1A38F7DF009A06C7 /* dashboard_bg.png */,
				670A5D9D1A38F7C7009A06C7 /* type_6_bg.png */,
				670A5D9E1A38F7C7009A06C7 /* type_6_bg@2x.png */,
				670A5D9F1A38F7C7009A06C7 /* type_6.png */,
				670A5DA01A38F7C7009A06C7 /* type_6@2x.png */,
				370D49701A24DA46002012C0 /* tick_select.png */,
				37FB1FF81A234A66005E36A5 /* car.png */,
				6751A9941A1FF9C4004B68E8 /* menu.png */,
				37EC9DDC1A1E0A5D00812CD3 /* btn_back.png */,
				37EC9DD01A1E084B00812CD3 /* mobile.png */,
				37EC9DD11A1E084B00812CD3 /* pencil.png */,
				37EC9DD21A1E084B00812CD3 /* register_bg.png */,
				37EC9DD31A1E084B00812CD3 /* tick.png */,
				37EC9DBE1A1DFA1C00812CD3 /* app_bg.png */,
				37EC9DB51A1DF9BE00812CD3 /* hand_bg.png */,
				37EC9DB61A1DF9BE00812CD3 /* logo_bg.png */,
				37EC9DB71A1DF9BE00812CD3 /* forgot_pass_bg.png */,
				37E3F2F01A1A209900BF609B /* email_icon.png */,
				37E3F2F11A1A209900BF609B /* password_icon.png */,
				37E3F2E11A1A1FED00BF609B /* facebook_btn.png */,
				37E3F2E21A1A1FED00BF609B /* form_bg.png */,
				37E3F2E31A1A1FED00BF609B /* login_btn.png */,
				37E3F2E41A1A1FED00BF609B /* register_btn.png */,
				37E3F2E51A1A1FED00BF609B /* twitter_btn.png */,
				37E3F2D81A1A0D0B00BF609B /* login_bg.png */,
				37E3F2D91A1A0D0B00BF609B /* login_bg@2x.png */,
				37E3F2DA1A1A0D0B00BF609B /* login_bg@3x.png */,
			);
			path = Resources;
			sourceTree = "<group>";
		};
		37E3F2D21A1A0C5E00BF609B /* Classes */ = {
			isa = PBXGroup;
			children = (
				67E8E52B1A34FBFD009FF488 /* Profile */,
				6751A98B1A1FF602004B68E8 /* Menu */,
				6751A9731A1FF413004B68E8 /* AddReminder */,
				6751A9741A1FF413004B68E8 /* Dashboard */,
				6751A9751A1FF413004B68E8 /* Renewal */,
				37EC9DC81A1E06AC00812CD3 /* Register */,
				37EC9DAD1A1DF8EE00812CD3 /* Password */,
				37E3F2D31A1A0C7F00BF609B /* Main */,
			);
			path = Classes;
			sourceTree = "<group>";
		};
		37E3F2D31A1A0C7F00BF609B /* Main */ = {
			isa = PBXGroup;
			children = (
				37E3F2D41A1A0C7F00BF609B /* MainViewController.h */,
				37E3F2D51A1A0C7F00BF609B /* MainViewController.m */,
			);
			path = Main;
			sourceTree = "<group>";
		};
		37EC9DAD1A1DF8EE00812CD3 /* Password */ = {
			isa = PBXGroup;
			children = (
				37EC9DC11A1DFF9100812CD3 /* PasswordViewController.h */,
				37EC9DC21A1DFF9100812CD3 /* PasswordViewController.m */,
				37EC9DC31A1DFF9100812CD3 /* PasswordViewController.xib */,
			);
			path = Password;
			sourceTree = "<group>";
		};
		37EC9DC81A1E06AC00812CD3 /* Register */ = {
			isa = PBXGroup;
			children = (
				37EC9DC91A1E06BC00812CD3 /* RegisterViewController.h */,
				37EC9DCA1A1E06BC00812CD3 /* RegisterViewController.m */,
				37EC9DCB1A1E06BC00812CD3 /* RegisterViewController.xib */,
			);
			path = Register;
			sourceTree = "<group>";
		};
		37EC9DDF1A1E0C6500812CD3 /* AFNetworking */ = {
			isa = PBXGroup;
			children = (
				37EC9E051A1E0C8900812CD3 /* AFNetworkingSingleton.h */,
				37EC9E061A1E0C8900812CD3 /* AFNetworkingSingleton.m */,
				37EC9E071A1E0C8900812CD3 /* AFNetworkingSynchronousSingleton.h */,
				37EC9E081A1E0C8900812CD3 /* AFNetworkingSynchronousSingleton.m */,
				37EC9DE01A1E0C6500812CD3 /* AFHTTPClient.h */,
				37EC9DE11A1E0C6500812CD3 /* AFHTTPClient.m */,
				37EC9DE21A1E0C6500812CD3 /* AFHTTPRequestOperation.h */,
				37EC9DE31A1E0C6500812CD3 /* AFHTTPRequestOperation.m */,
				37EC9DE41A1E0C6500812CD3 /* AFImageRequestOperation.h */,
				37EC9DE51A1E0C6500812CD3 /* AFImageRequestOperation.m */,
				37EC9DE61A1E0C6500812CD3 /* AFJSONRequestOperation.h */,
				37EC9DE71A1E0C6500812CD3 /* AFJSONRequestOperation.m */,
				37EC9DE81A1E0C6500812CD3 /* AFNetworkActivityIndicatorManager.h */,
				37EC9DE91A1E0C6500812CD3 /* AFNetworkActivityIndicatorManager.m */,
				37EC9DEA1A1E0C6500812CD3 /* AFNetworking.h */,
				37EC9DEB1A1E0C6500812CD3 /* AFPropertyListRequestOperation.h */,
				37EC9DEC1A1E0C6500812CD3 /* AFPropertyListRequestOperation.m */,
				37EC9DED1A1E0C6500812CD3 /* AFURLConnectionOperation.h */,
				37EC9DEE1A1E0C6500812CD3 /* AFURLConnectionOperation.m */,
				37EC9DEF1A1E0C6500812CD3 /* AFXMLRequestOperation.h */,
				37EC9DF01A1E0C6500812CD3 /* AFXMLRequestOperation.m */,
				37EC9DF11A1E0C6500812CD3 /* UIImageView+AFNetworking.h */,
				37EC9DF21A1E0C6500812CD3 /* UIImageView+AFNetworking.m */,
			);
			path = AFNetworking;
			sourceTree = "<group>";
		};
		37EC9E0D1A1E108600812CD3 /* SVProgressHUD */ = {
			isa = PBXGroup;
			children = (
				37EC9E0E1A1E108600812CD3 /* SVProgressHUD.bundle */,
				37EC9E0F1A1E108600812CD3 /* SVProgressHUD.h */,
				37EC9E101A1E108600812CD3 /* SVProgressHUD.m */,
			);
			path = SVProgressHUD;
			sourceTree = "<group>";
		};
		37FB1FF61A22CBB8005E36A5 /* Common */ = {
			isa = PBXGroup;
			children = (
				37FB1FF71A22CBD3005E36A5 /* Constant.h */,
			);
			path = Common;
			sourceTree = "<group>";
		};
		6751A9731A1FF413004B68E8 /* AddReminder */ = {
			isa = PBXGroup;
			children = (
				378C33AD1A28A03D001CAECF /* Model */,
				6751A9A61A2008A1004B68E8 /* AddReminderViewController.h */,
				6751A9A71A2008A1004B68E8 /* AddReminderViewController.m */,
				6751A9A81A2008A1004B68E8 /* AddReminderViewController.xib */,
			);
			path = AddReminder;
			sourceTree = "<group>";
		};
		6751A9741A1FF413004B68E8 /* Dashboard */ = {
			isa = PBXGroup;
			children = (
				6751A9761A1FF42B004B68E8 /* DashboardViewController.h */,
				6751A9771A1FF42B004B68E8 /* DashboardViewController.m */,
				6751A9781A1FF42B004B68E8 /* DashboardViewController.xib */,
				6751A9971A1FFF12004B68E8 /* Model */,
			);
			path = Dashboard;
			sourceTree = "<group>";
		};
		6751A9751A1FF413004B68E8 /* Renewal */ = {
			isa = PBXGroup;
			children = (
				6751A99F1A200543004B68E8 /* RenewalViewController.h */,
				6751A9A01A200543004B68E8 /* RenewalViewController.m */,
				6751A9A11A200543004B68E8 /* RenewalViewController.xib */,
			);
			path = Renewal;
			sourceTree = "<group>";
		};
		6751A97D1A1FF5D1004B68E8 /* MFSideMenu */ = {
			isa = PBXGroup;
			children = (
				6751A97E1A1FF5D1004B68E8 /* MFSideMenu.h */,
				6751A97F1A1FF5D1004B68E8 /* MFSideMenuContainerViewController.h */,
				6751A9801A1FF5D1004B68E8 /* MFSideMenuContainerViewController.m */,
				6751A9811A1FF5D1004B68E8 /* MFSideMenuShadow.h */,
				6751A9821A1FF5D1004B68E8 /* MFSideMenuShadow.m */,
				6751A9831A1FF5D1004B68E8 /* UIViewController+MFSideMenuAdditions.h */,
				6751A9841A1FF5D1004B68E8 /* UIViewController+MFSideMenuAdditions.m */,
			);
			path = MFSideMenu;
			sourceTree = "<group>";
		};
		6751A98B1A1FF602004B68E8 /* Menu */ = {
			isa = PBXGroup;
			children = (
				6751A98C1A1FF611004B68E8 /* MenuViewController.h */,
				6751A98D1A1FF611004B68E8 /* MenuViewController.m */,
				6751A98E1A1FF611004B68E8 /* MenuViewController.xib */,
			);
			path = Menu;
			sourceTree = "<group>";
		};
		6751A9971A1FFF12004B68E8 /* Model */ = {
			isa = PBXGroup;
			children = (
				6751A9981A1FFF2C004B68E8 /* DashboardTableViewCell.h */,
				6751A9991A1FFF2C004B68E8 /* DashboardTableViewCell.m */,
				6751A99A1A1FFF2C004B68E8 /* DashboardTableViewCell.xib */,
			);
			path = Model;
			sourceTree = "<group>";
		};
		67E8E52B1A34FBFD009FF488 /* Profile */ = {
			isa = PBXGroup;
			children = (
				67E8E52C1A34FC0E009FF488 /* ProfileViewController.h */,
				67E8E52D1A34FC0E009FF488 /* ProfileViewController.m */,
				67E8E52E1A34FC0E009FF488 /* ProfileViewController.xib */,
			);
			path = Profile;
			sourceTree = "<group>";
		};
/* End PBXGroup section */

/* Begin PBXNativeTarget section */
		37E3F2A41A19B27B00BF609B /* ReminderService */ = {
			isa = PBXNativeTarget;
			buildConfigurationList = 37E3F2CB1A19B27B00BF609B /* Build configuration list for PBXNativeTarget "ReminderService" */;
			buildPhases = (
				37E3F2A11A19B27B00BF609B /* Sources */,
				37E3F2A21A19B27B00BF609B /* Frameworks */,
				37E3F2A31A19B27B00BF609B /* Resources */,
			);
			buildRules = (
			);
			dependencies = (
			);
			name = ReminderService;
			productName = ReminderService;
			productReference = 37E3F2A51A19B27B00BF609B /* ReminderService.app */;
			productType = "com.apple.product-type.application";
		};
		37E3F2C01A19B27B00BF609B /* ReminderServiceTests */ = {
			isa = PBXNativeTarget;
			buildConfigurationList = 37E3F2CE1A19B27B00BF609B /* Build configuration list for PBXNativeTarget "ReminderServiceTests" */;
			buildPhases = (
				37E3F2BD1A19B27B00BF609B /* Sources */,
				37E3F2BE1A19B27B00BF609B /* Frameworks */,
				37E3F2BF1A19B27B00BF609B /* Resources */,
			);
			buildRules = (
			);
			dependencies = (
				37E3F2C31A19B27B00BF609B /* PBXTargetDependency */,
			);
			name = ReminderServiceTests;
			productName = ReminderServiceTests;
			productReference = 37E3F2C11A19B27B00BF609B /* ReminderServiceTests.xctest */;
			productType = "com.apple.product-type.bundle.unit-test";
		};
/* End PBXNativeTarget section */

/* Begin PBXProject section */
		37E3F29D1A19B27B00BF609B /* Project object */ = {
			isa = PBXProject;
			attributes = {
				LastUpgradeCheck = 0610;
				ORGANIZATIONNAME = "Mr Trung";
				TargetAttributes = {
					37E3F2A41A19B27B00BF609B = {
						CreatedOnToolsVersion = 6.1;
					};
					37E3F2C01A19B27B00BF609B = {
						CreatedOnToolsVersion = 6.1;
						TestTargetID = 37E3F2A41A19B27B00BF609B;
					};
				};
			};
			buildConfigurationList = 37E3F2A01A19B27B00BF609B /* Build configuration list for PBXProject "ReminderService" */;
			compatibilityVersion = "Xcode 3.2";
			developmentRegion = English;
			hasScannedForEncodings = 0;
			knownRegions = (
				en,
				Base,
			);
			mainGroup = 37E3F29C1A19B27B00BF609B;
			productRefGroup = 37E3F2A61A19B27B00BF609B /* Products */;
			projectDirPath = "";
			projectRoot = "";
			targets = (
				37E3F2A41A19B27B00BF609B /* ReminderService */,
				37E3F2C01A19B27B00BF609B /* ReminderServiceTests */,
			);
		};
/* End PBXProject section */

/* Begin PBXResourcesBuildPhase section */
		37E3F2A31A19B27B00BF609B /* Resources */ = {
			isa = PBXResourcesBuildPhase;
			buildActionMask = 2147483647;
			files = (
				37EC9E111A1E108600812CD3 /* SVProgressHUD.bundle in Resources */,
				37E3F2E61A1A1FED00BF609B /* facebook_btn.png in Resources */,
				670A5DA31A38F7C7009A06C7 /* type_1_bg.png in Resources */,
				37F827A61A375CDF007DF38D /* SubTypeTableViewController.xib in Resources */,
				37EC9DD81A1E084B00812CD3 /* register_bg.png in Resources */,
				37E3F2EC1A1A1FED00BF609B /* register_btn.png in Resources */,
				370D49711A24DA46002012C0 /* tick_select.png in Resources */,
				670A5DB21A38F7C7009A06C7 /* type_4@2x.png in Resources */,
				6751A9951A1FF9C4004B68E8 /* menu.png in Resources */,
				37E3F2DD1A1A0D0B00BF609B /* login_bg@2x.png in Resources */,
				670A5DA81A38F7C7009A06C7 /* type_2_bg@2x.png in Resources */,
				670A5DA51A38F7C7009A06C7 /* type_1.png in Resources */,
				670A5DAD1A38F7C7009A06C7 /* type_3.png in Resources */,
				670A5DB81A38F7C7009A06C7 /* type_6_bg@2x.png in Resources */,
				37E3F2E81A1A1FED00BF609B /* form_bg.png in Resources */,
				670A5DB41A38F7C7009A06C7 /* type_5_bg@2x.png in Resources */,
				670A5DAB1A38F7C7009A06C7 /* type_3_bg.png in Resources */,
				37EC9DDA1A1E084B00812CD3 /* tick.png in Resources */,
				670A5DBC1A38F7DF009A06C7 /* dashboard_bg.png in Resources */,
				37EC9DBC1A1DF9BE00812CD3 /* forgot_pass_bg.png in Resources */,
				670A5DB01A38F7C7009A06C7 /* type_4_bg@2x.png in Resources */,
				670A5DBA1A38F7C7009A06C7 /* type_6@2x.png in Resources */,
				37E3F2DB1A1A0D0B00BF609B /* login_bg.png in Resources */,
				670A5DAF1A38F7C7009A06C7 /* type_4_bg.png in Resources */,
				37E3F2F41A1A209900BF609B /* password_icon.png in Resources */,
				37EC9DBA1A1DF9BE00812CD3 /* logo_bg.png in Resources */,
				37E3F2DF1A1A0D0B00BF609B /* login_bg@3x.png in Resources */,
				670A5DB91A38F7C7009A06C7 /* type_6.png in Resources */,
				37EC9DDD1A1E0A5D00812CD3 /* btn_back.png in Resources */,
				670A5DB11A38F7C7009A06C7 /* type_4.png in Resources */,
				37EC9DBF1A1DFA1C00812CD3 /* app_bg.png in Resources */,
				6751A9AB1A2008A1004B68E8 /* AddReminderViewController.xib in Resources */,
				37FB1FF91A234A66005E36A5 /* car.png in Resources */,
				37E3F2B71A19B27B00BF609B /* Main.storyboard in Resources */,
				670A5DA41A38F7C7009A06C7 /* type_1_bg@2x.png in Resources */,
				37E3F2BC1A19B27B00BF609B /* LaunchScreen.xib in Resources */,
				670A5DAA1A38F7C7009A06C7 /* type_2@2x.png in Resources */,
				37E3F2B91A19B27B00BF609B /* Images.xcassets in Resources */,
				670A5DB71A38F7C7009A06C7 /* type_6_bg.png in Resources */,
				670A5DAE1A38F7C7009A06C7 /* type_3@2x.png in Resources */,
				670A5DA21A38F7C7009A06C7 /* add@2x.png in Resources */,
				670A5DAC1A38F7C7009A06C7 /* type_3_bg@2x.png in Resources */,
				37ADBFCF1A39C2A5005137F2 /* save.png in Resources */,
				37E3F2F21A1A209900BF609B /* email_icon.png in Resources */,
				670A5DB31A38F7C7009A06C7 /* type_5_bg.png in Resources */,
				37EC9DC61A1DFF9100812CD3 /* PasswordViewController.xib in Resources */,
				670A5DB51A38F7C7009A06C7 /* type_5.png in Resources */,
				37EC9DD61A1E084B00812CD3 /* pencil.png in Resources */,
				37E3F2EE1A1A1FED00BF609B /* twitter_btn.png in Resources */,
				6751A99D1A1FFF2C004B68E8 /* DashboardTableViewCell.xib in Resources */,
				6751A9A41A200543004B68E8 /* RenewalViewController.xib in Resources */,
				670A5DA11A38F7C7009A06C7 /* add.png in Resources */,
				378C33B31A28A444001CAECF /* TypeTableViewController.xib in Resources */,
				670A5DA71A38F7C7009A06C7 /* type_2_bg.png in Resources */,
				67E8E5311A34FC0E009FF488 /* ProfileViewController.xib in Resources */,
				37EC9DCE1A1E06BC00812CD3 /* RegisterViewController.xib in Resources */,
				670A5DB61A38F7C7009A06C7 /* type_5@2x.png in Resources */,
				6751A9911A1FF611004B68E8 /* MenuViewController.xib in Resources */,
				37EC9DD41A1E084B00812CD3 /* mobile.png in Resources */,
				670A5DA61A38F7C7009A06C7 /* type_1@2x.png in Resources */,
				670A5DA91A38F7C7009A06C7 /* type_2.png in Resources */,
				6751A97B1A1FF42B004B68E8 /* DashboardViewController.xib in Resources */,
				37E3F2EA1A1A1FED00BF609B /* login_btn.png in Resources */,
				37EC9DB81A1DF9BE00812CD3 /* hand_bg.png in Resources */,
			);
			runOnlyForDeploymentPostprocessing = 0;
		};
		37E3F2BF1A19B27B00BF609B /* Resources */ = {
			isa = PBXResourcesBuildPhase;
			buildActionMask = 2147483647;
			files = (
				37E3F2F31A1A209900BF609B /* email_icon.png in Resources */,
				37E3F2EF1A1A1FED00BF609B /* twitter_btn.png in Resources */,
				6751A9A51A200543004B68E8 /* RenewalViewController.xib in Resources */,
				37E3F2E71A1A1FED00BF609B /* facebook_btn.png in Resources */,
				37E3F2ED1A1A1FED00BF609B /* register_btn.png in Resources */,
				6751A99E1A1FFF2C004B68E8 /* DashboardTableViewCell.xib in Resources */,
				37EC9DBD1A1DF9BE00812CD3 /* forgot_pass_bg.png in Resources */,
				37E3F2DC1A1A0D0B00BF609B /* login_bg.png in Resources */,
				37EC9DDB1A1E084B00812CD3 /* tick.png in Resources */,
				37EC9DD71A1E084B00812CD3 /* pencil.png in Resources */,
				37EC9DB91A1DF9BE00812CD3 /* hand_bg.png in Resources */,
				37E3F2EB1A1A1FED00BF609B /* login_btn.png in Resources */,
				6751A9AC1A2008A1004B68E8 /* AddReminderViewController.xib in Resources */,
				37E3F2E91A1A1FED00BF609B /* form_bg.png in Resources */,
				37EC9DD91A1E084B00812CD3 /* register_bg.png in Resources */,
				37EC9DBB1A1DF9BE00812CD3 /* logo_bg.png in Resources */,
				370D49721A24DA46002012C0 /* tick_select.png in Resources */,
				37EC9DD51A1E084B00812CD3 /* mobile.png in Resources */,
				37E3F2DE1A1A0D0B00BF609B /* login_bg@2x.png in Resources */,
				37E3F2E01A1A0D0B00BF609B /* login_bg@3x.png in Resources */,
				37EC9DC71A1DFF9100812CD3 /* PasswordViewController.xib in Resources */,
				378C33B41A28A444001CAECF /* TypeTableViewController.xib in Resources */,
				37FB1FFA1A234A66005E36A5 /* car.png in Resources */,
				37EC9DDE1A1E0A5D00812CD3 /* btn_back.png in Resources */,
				37EC9DC01A1DFA1C00812CD3 /* app_bg.png in Resources */,
				6751A9921A1FF611004B68E8 /* MenuViewController.xib in Resources */,
				67E8E5321A34FC0E009FF488 /* ProfileViewController.xib in Resources */,
				37E3F2F51A1A209900BF609B /* password_icon.png in Resources */,
				6751A9961A1FF9C4004B68E8 /* menu.png in Resources */,
				6751A97C1A1FF42B004B68E8 /* DashboardViewController.xib in Resources */,
				37EC9DCF1A1E06BC00812CD3 /* RegisterViewController.xib in Resources */,
				37EC9E121A1E108600812CD3 /* SVProgressHUD.bundle in Resources */,
				37F827A71A375CDF007DF38D /* SubTypeTableViewController.xib in Resources */,
			);
			runOnlyForDeploymentPostprocessing = 0;
		};
/* End PBXResourcesBuildPhase section */

/* Begin PBXSourcesBuildPhase section */
		37E3F2A11A19B27B00BF609B /* Sources */ = {
			isa = PBXSourcesBuildPhase;
			buildActionMask = 2147483647;
			files = (
				6751A9A91A2008A1004B68E8 /* AddReminderViewController.m in Sources */,
				37EC9E0B1A1E0C8900812CD3 /* AFNetworkingSynchronousSingleton.m in Sources */,
				37E3F2B11A19B27B00BF609B /* ReminderService.xcdatamodeld in Sources */,
				37EC9E031A1E0C6500812CD3 /* UIImageView+AFNetworking.m in Sources */,
				37E3F2AE1A19B27B00BF609B /* AppDelegate.m in Sources */,
				37EC9DF91A1E0C6500812CD3 /* AFJSONRequestOperation.m in Sources */,
				37EC9DF51A1E0C6500812CD3 /* AFHTTPRequestOperation.m in Sources */,
				6751A9871A1FF5D1004B68E8 /* MFSideMenuShadow.m in Sources */,
				37C478B01A24524600D1491C /* DatePickerPopoverController.m in Sources */,
				6751A9A21A200543004B68E8 /* RenewalViewController.m in Sources */,
				37F827A41A375CDF007DF38D /* SubTypeTableViewController.m in Sources */,
				37EC9E011A1E0C6500812CD3 /* AFXMLRequestOperation.m in Sources */,
				37EC9DFF1A1E0C6500812CD3 /* AFURLConnectionOperation.m in Sources */,
				6751A98F1A1FF611004B68E8 /* MenuViewController.m in Sources */,
				37EC9DF71A1E0C6500812CD3 /* AFImageRequestOperation.m in Sources */,
				37EC9DF31A1E0C6500812CD3 /* AFHTTPClient.m in Sources */,
				6751A9791A1FF42B004B68E8 /* DashboardViewController.m in Sources */,
				37E3F2D61A1A0C7F00BF609B /* MainViewController.m in Sources */,
				378C33B01A28A055001CAECF /* TypeTableViewController.m in Sources */,
				67E8E52F1A34FC0E009FF488 /* ProfileViewController.m in Sources */,
				37E3F2AB1A19B27B00BF609B /* main.m in Sources */,
				6751A9851A1FF5D1004B68E8 /* MFSideMenuContainerViewController.m in Sources */,
				6751A99B1A1FFF2C004B68E8 /* DashboardTableViewCell.m in Sources */,
				37EC9DFD1A1E0C6500812CD3 /* AFPropertyListRequestOperation.m in Sources */,
				37EC9E091A1E0C8900812CD3 /* AFNetworkingSingleton.m in Sources */,
				37EC9DC41A1DFF9100812CD3 /* PasswordViewController.m in Sources */,
				37EC9DFB1A1E0C6500812CD3 /* AFNetworkActivityIndicatorManager.m in Sources */,
				378FCF631A1B7CDA00E12BBE /* FHSStream.m in Sources */,
				37EC9E131A1E108600812CD3 /* SVProgressHUD.m in Sources */,
				6751A9891A1FF5D1004B68E8 /* UIViewController+MFSideMenuAdditions.m in Sources */,
				378FCF651A1B7CDA00E12BBE /* FHSTwitterEngine.m in Sources */,
				37EC9DCC1A1E06BC00812CD3 /* RegisterViewController.m in Sources */,
			);
			runOnlyForDeploymentPostprocessing = 0;
		};
		37E3F2BD1A19B27B00BF609B /* Sources */ = {
			isa = PBXSourcesBuildPhase;
			buildActionMask = 2147483647;
			files = (
				6751A9A31A200543004B68E8 /* RenewalViewController.m in Sources */,
				37EC9E001A1E0C6500812CD3 /* AFURLConnectionOperation.m in Sources */,
				6751A9AA1A2008A1004B68E8 /* AddReminderViewController.m in Sources */,
				37EC9E041A1E0C6500812CD3 /* UIImageView+AFNetworking.m in Sources */,
				37F827A51A375CDF007DF38D /* SubTypeTableViewController.m in Sources */,
				6751A97A1A1FF42B004B68E8 /* DashboardViewController.m in Sources */,
				378FCF661A1B7CDA00E12BBE /* FHSTwitterEngine.m in Sources */,
				37EC9DCD1A1E06BC00812CD3 /* RegisterViewController.m in Sources */,
				37EC9E0A1A1E0C8900812CD3 /* AFNetworkingSingleton.m in Sources */,
				6751A99C1A1FFF2C004B68E8 /* DashboardTableViewCell.m in Sources */,
				37EC9E141A1E108600812CD3 /* SVProgressHUD.m in Sources */,
				37C478B11A24524600D1491C /* DatePickerPopoverController.m in Sources */,
				37EC9DFE1A1E0C6500812CD3 /* AFPropertyListRequestOperation.m in Sources */,
				37E3F2D71A1A0C7F00BF609B /* MainViewController.m in Sources */,
				6751A9861A1FF5D1004B68E8 /* MFSideMenuContainerViewController.m in Sources */,
				37E3F2C81A19B27B00BF609B /* ReminderServiceTests.m in Sources */,
				37EC9E021A1E0C6500812CD3 /* AFXMLRequestOperation.m in Sources */,
				37EC9E0C1A1E0C8900812CD3 /* AFNetworkingSynchronousSingleton.m in Sources */,
				378C33B11A28A055001CAECF /* TypeTableViewController.m in Sources */,
				6751A98A1A1FF5D1004B68E8 /* UIViewController+MFSideMenuAdditions.m in Sources */,
				37EC9DFC1A1E0C6500812CD3 /* AFNetworkActivityIndicatorManager.m in Sources */,
				67E8E5301A34FC0E009FF488 /* ProfileViewController.m in Sources */,
				37EC9DF61A1E0C6500812CD3 /* AFHTTPRequestOperation.m in Sources */,
				378FCF641A1B7CDA00E12BBE /* FHSStream.m in Sources */,
				6751A9881A1FF5D1004B68E8 /* MFSideMenuShadow.m in Sources */,
				37EC9DF81A1E0C6500812CD3 /* AFImageRequestOperation.m in Sources */,
				37EC9DF41A1E0C6500812CD3 /* AFHTTPClient.m in Sources */,
				37EC9DFA1A1E0C6500812CD3 /* AFJSONRequestOperation.m in Sources */,
				37EC9DC51A1DFF9100812CD3 /* PasswordViewController.m in Sources */,
				6751A9901A1FF611004B68E8 /* MenuViewController.m in Sources */,
			);
			runOnlyForDeploymentPostprocessing = 0;
		};
/* End PBXSourcesBuildPhase section */

/* Begin PBXTargetDependency section */
		37E3F2C31A19B27B00BF609B /* PBXTargetDependency */ = {
			isa = PBXTargetDependency;
			target = 37E3F2A41A19B27B00BF609B /* ReminderService */;
			targetProxy = 37E3F2C21A19B27B00BF609B /* PBXContainerItemProxy */;
		};
/* End PBXTargetDependency section */

/* Begin PBXVariantGroup section */
		37E3F2B51A19B27B00BF609B /* Main.storyboard */ = {
			isa = PBXVariantGroup;
			children = (
				37E3F2B61A19B27B00BF609B /* Base */,
			);
			name = Main.storyboard;
			sourceTree = "<group>";
		};
		37E3F2BA1A19B27B00BF609B /* LaunchScreen.xib */ = {
			isa = PBXVariantGroup;
			children = (
				37E3F2BB1A19B27B00BF609B /* Base */,
			);
			name = LaunchScreen.xib;
			sourceTree = "<group>";
		};
/* End PBXVariantGroup section */

/* Begin XCBuildConfiguration section */
		37E3F2C91A19B27B00BF609B /* Debug */ = {
			isa = XCBuildConfiguration;
			buildSettings = {
				ALWAYS_SEARCH_USER_PATHS = NO;
				CLANG_CXX_LANGUAGE_STANDARD = "gnu++0x";
				CLANG_CXX_LIBRARY = "libc++";
				CLANG_ENABLE_MODULES = YES;
				CLANG_ENABLE_OBJC_ARC = YES;
				CLANG_WARN_BOOL_CONVERSION = YES;
				CLANG_WARN_CONSTANT_CONVERSION = YES;
				CLANG_WARN_DIRECT_OBJC_ISA_USAGE = YES_ERROR;
				CLANG_WARN_EMPTY_BODY = YES;
				CLANG_WARN_ENUM_CONVERSION = YES;
				CLANG_WARN_INT_CONVERSION = YES;
				CLANG_WARN_OBJC_ROOT_CLASS = YES_ERROR;
				CLANG_WARN_UNREACHABLE_CODE = YES;
				CLANG_WARN__DUPLICATE_METHOD_MATCH = YES;
				"CODE_SIGN_IDENTITY[sdk=iphoneos*]" = "iPhone Developer";
				COPY_PHASE_STRIP = NO;
				ENABLE_STRICT_OBJC_MSGSEND = YES;
				GCC_C_LANGUAGE_STANDARD = gnu99;
				GCC_DYNAMIC_NO_PIC = NO;
				GCC_OPTIMIZATION_LEVEL = 0;
				GCC_PREPROCESSOR_DEFINITIONS = (
					"DEBUG=1",
					"$(inherited)",
				);
				GCC_SYMBOLS_PRIVATE_EXTERN = NO;
				GCC_WARN_64_TO_32_BIT_CONVERSION = YES;
				GCC_WARN_ABOUT_RETURN_TYPE = YES_ERROR;
				GCC_WARN_UNDECLARED_SELECTOR = YES;
				GCC_WARN_UNINITIALIZED_AUTOS = YES_AGGRESSIVE;
				GCC_WARN_UNUSED_FUNCTION = YES;
				GCC_WARN_UNUSED_VARIABLE = YES;
				IPHONEOS_DEPLOYMENT_TARGET = 7.0;
				MTL_ENABLE_DEBUG_INFO = YES;
				ONLY_ACTIVE_ARCH = YES;
				SDKROOT = iphoneos;
			};
			name = Debug;
		};
		37E3F2CA1A19B27B00BF609B /* Release */ = {
			isa = XCBuildConfiguration;
			buildSettings = {
				ALWAYS_SEARCH_USER_PATHS = NO;
				CLANG_CXX_LANGUAGE_STANDARD = "gnu++0x";
				CLANG_CXX_LIBRARY = "libc++";
				CLANG_ENABLE_MODULES = YES;
				CLANG_ENABLE_OBJC_ARC = YES;
				CLANG_WARN_BOOL_CONVERSION = YES;
				CLANG_WARN_CONSTANT_CONVERSION = YES;
				CLANG_WARN_DIRECT_OBJC_ISA_USAGE = YES_ERROR;
				CLANG_WARN_EMPTY_BODY = YES;
				CLANG_WARN_ENUM_CONVERSION = YES;
				CLANG_WARN_INT_CONVERSION = YES;
				CLANG_WARN_OBJC_ROOT_CLASS = YES_ERROR;
				CLANG_WARN_UNREACHABLE_CODE = YES;
				CLANG_WARN__DUPLICATE_METHOD_MATCH = YES;
				"CODE_SIGN_IDENTITY[sdk=iphoneos*]" = "iPhone Developer";
				COPY_PHASE_STRIP = YES;
				ENABLE_NS_ASSERTIONS = NO;
				ENABLE_STRICT_OBJC_MSGSEND = YES;
				GCC_C_LANGUAGE_STANDARD = gnu99;
				GCC_WARN_64_TO_32_BIT_CONVERSION = YES;
				GCC_WARN_ABOUT_RETURN_TYPE = YES_ERROR;
				GCC_WARN_UNDECLARED_SELECTOR = YES;
				GCC_WARN_UNINITIALIZED_AUTOS = YES_AGGRESSIVE;
				GCC_WARN_UNUSED_FUNCTION = YES;
				GCC_WARN_UNUSED_VARIABLE = YES;
				IPHONEOS_DEPLOYMENT_TARGET = 7.0;
				MTL_ENABLE_DEBUG_INFO = NO;
				SDKROOT = iphoneos;
				VALIDATE_PRODUCT = YES;
			};
			name = Release;
		};
		37E3F2CC1A19B27B00BF609B /* Debug */ = {
			isa = XCBuildConfiguration;
			buildSettings = {
				ASSETCATALOG_COMPILER_APPICON_NAME = AppIcon;
				CODE_SIGN_IDENTITY = "iPhone Developer: Trung Bui (W2T3T662J6)";
				FRAMEWORK_SEARCH_PATHS = (
					"$(inherited)",
					"$(PROJECT_DIR)",
				);
				GCC_PRECOMPILE_PREFIX_HEADER = YES;
				GCC_PREFIX_HEADER = "$(PROJECT_NAME)/Reminder.pch";
				INFOPLIST_FILE = ReminderService/Info.plist;
				IPHONEOS_DEPLOYMENT_TARGET = 7.0;
				LD_RUNPATH_SEARCH_PATHS = "$(inherited) @executable_path/Frameworks";
				PRODUCT_NAME = "$(TARGET_NAME)";
				PROVISIONING_PROFILE = "32778e7d-b156-4dcb-bae2-a426e47cdd88";
			};
			name = Debug;
		};
		37E3F2CD1A19B27B00BF609B /* Release */ = {
			isa = XCBuildConfiguration;
			buildSettings = {
				ASSETCATALOG_COMPILER_APPICON_NAME = AppIcon;
				CODE_SIGN_IDENTITY = "iPhone Developer: Trung Bui (W2T3T662J6)";
				FRAMEWORK_SEARCH_PATHS = (
					"$(inherited)",
					"$(PROJECT_DIR)",
				);
				GCC_PRECOMPILE_PREFIX_HEADER = YES;
				GCC_PREFIX_HEADER = "$(PROJECT_NAME)/Reminder.pch";
				INFOPLIST_FILE = ReminderService/Info.plist;
				IPHONEOS_DEPLOYMENT_TARGET = 7.0;
				LD_RUNPATH_SEARCH_PATHS = "$(inherited) @executable_path/Frameworks";
				PRODUCT_NAME = "$(TARGET_NAME)";
				PROVISIONING_PROFILE = "32778e7d-b156-4dcb-bae2-a426e47cdd88";
			};
			name = Release;
		};
		37E3F2CF1A19B27B00BF609B /* Debug */ = {
			isa = XCBuildConfiguration;
			buildSettings = {
				BUNDLE_LOADER = "$(TEST_HOST)";
				FRAMEWORK_SEARCH_PATHS = (
					"$(SDKROOT)/Developer/Library/Frameworks",
					"$(inherited)",
					"$(PROJECT_DIR)",
				);
				GCC_PRECOMPILE_PREFIX_HEADER = YES;
				GCC_PREFIX_HEADER = "$(PROJECT_NAME)/Reminder.pch";
				GCC_PREPROCESSOR_DEFINITIONS = (
					"DEBUG=1",
					"$(inherited)",
				);
				INFOPLIST_FILE = ReminderServiceTests/Info.plist;
				LD_RUNPATH_SEARCH_PATHS = "$(inherited) @executable_path/Frameworks @loader_path/Frameworks";
				PRODUCT_NAME = "$(TARGET_NAME)";
				TEST_HOST = "$(BUILT_PRODUCTS_DIR)/ReminderService.app/ReminderService";
			};
			name = Debug;
		};
		37E3F2D01A19B27B00BF609B /* Release */ = {
			isa = XCBuildConfiguration;
			buildSettings = {
				BUNDLE_LOADER = "$(TEST_HOST)";
				FRAMEWORK_SEARCH_PATHS = (
					"$(SDKROOT)/Developer/Library/Frameworks",
					"$(inherited)",
					"$(PROJECT_DIR)",
				);
				GCC_PRECOMPILE_PREFIX_HEADER = YES;
				GCC_PREFIX_HEADER = "$(PROJECT_NAME)/Reminder.pch";
				INFOPLIST_FILE = ReminderServiceTests/Info.plist;
				LD_RUNPATH_SEARCH_PATHS = "$(inherited) @executable_path/Frameworks @loader_path/Frameworks";
				PRODUCT_NAME = "$(TARGET_NAME)";
				TEST_HOST = "$(BUILT_PRODUCTS_DIR)/ReminderService.app/ReminderService";
			};
			name = Release;
		};
/* End XCBuildConfiguration section */

/* Begin XCConfigurationList section */
		37E3F2A01A19B27B00BF609B /* Build configuration list for PBXProject "ReminderService" */ = {
			isa = XCConfigurationList;
			buildConfigurations = (
				37E3F2C91A19B27B00BF609B /* Debug */,
				37E3F2CA1A19B27B00BF609B /* Release */,
			);
			defaultConfigurationIsVisible = 0;
			defaultConfigurationName = Release;
		};
		37E3F2CB1A19B27B00BF609B /* Build configuration list for PBXNativeTarget "ReminderService" */ = {
			isa = XCConfigurationList;
			buildConfigurations = (
				37E3F2CC1A19B27B00BF609B /* Debug */,
				37E3F2CD1A19B27B00BF609B /* Release */,
			);
			defaultConfigurationIsVisible = 0;
			defaultConfigurationName = Release;
		};
		37E3F2CE1A19B27B00BF609B /* Build configuration list for PBXNativeTarget "ReminderServiceTests" */ = {
			isa = XCConfigurationList;
			buildConfigurations = (
				37E3F2CF1A19B27B00BF609B /* Debug */,
				37E3F2D01A19B27B00BF609B /* Release */,
			);
			defaultConfigurationIsVisible = 0;
			defaultConfigurationName = Release;
		};
/* End XCConfigurationList section */

/* Begin XCVersionGroup section */
		37E3F2AF1A19B27B00BF609B /* ReminderService.xcdatamodeld */ = {
			isa = XCVersionGroup;
			children = (
				37E3F2B01A19B27B00BF609B /* ReminderService.xcdatamodel */,
			);
			currentVersion = 37E3F2B01A19B27B00BF609B /* ReminderService.xcdatamodel */;
			path = ReminderService.xcdatamodeld;
			sourceTree = "<group>";
			versionGroupType = wrapper.xcdatamodel;
		};
/* End XCVersionGroup section */
	};
	rootObject = 37E3F29D1A19B27B00BF609B /* Project object */;
}
